// !$*UTF8*$!
{
	archiveVersion = 1;
	classes = {
	};
	objectVersion = 55;
	objects = {

/* Begin PBXBuildFile section */
		D228AD0B2EDF5A22007C6114 /* Persistence.swift in Sources */ = {isa = PBXBuildFile; fileRef = D228AD0A2EDF5A22007C6114 /* Persistence.swift */; };
		D228AD0F2EDF6061007C6114 /* IntermediateModels.swift in Sources */ = {isa = PBXBuildFile; fileRef = D228AD0E2EDF6061007C6114 /* IntermediateModels.swift */; };
		D228AD112EDF6682007C6114 /* AddPlaylistViewModel.swift in Sources */ = {isa = PBXBuildFile; fileRef = D228AD102EDF6682007C6114 /* AddPlaylistViewModel.swift */; };
		D228AD132EDF66A3007C6114 /* AddPlaylistView.swift in Sources */ = {isa = PBXBuildFile; fileRef = D228AD122EDF66A3007C6114 /* AddPlaylistView.swift */; };
		D228AD152EDF67FB007C6114 /* NeonTextField.swift in Sources */ = {isa = PBXBuildFile; fileRef = D228AD142EDF67FB007C6114 /* NeonTextField.swift */; };
		D228AD172EDF7311007C6114 /* SyncStatusOverlay.swift in Sources */ = {isa = PBXBuildFile; fileRef = D228AD162EDF7311007C6114 /* SyncStatusOverlay.swift */; };
		D228AD1B2EDF7952007C6114 /* UnsafeSession.swift in Sources */ = {isa = PBXBuildFile; fileRef = D228AD1A2EDF7952007C6114 /* UnsafeSession.swift */; };
		D228AD1D2EDFA8E3007C6114 /* DetailsViewModel.swift in Sources */ = {isa = PBXBuildFile; fileRef = D228AD1C2EDFA8E3007C6114 /* DetailsViewModel.swift */; };
		D228AD1F2EDFA961007C6114 /* DetailsView.swift in Sources */ = {isa = PBXBuildFile; fileRef = D228AD1E2EDFA961007C6114 /* DetailsView.swift */; };
		D292D6272EDF458100E8845A /* PrimeFlixPlusApp.swift in Sources */ = {isa = PBXBuildFile; fileRef = D292D6262EDF458100E8845A /* PrimeFlixPlusApp.swift */; };
		D292D6292EDF458100E8845A /* ContentView.swift in Sources */ = {isa = PBXBuildFile; fileRef = D292D6282EDF458100E8845A /* ContentView.swift */; };
		D292D62B2EDF458300E8845A /* Assets.xcassets in Resources */ = {isa = PBXBuildFile; fileRef = D292D62A2EDF458300E8845A /* Assets.xcassets */; };
		D292D62E2EDF458300E8845A /* Preview Assets.xcassets in Resources */ = {isa = PBXBuildFile; fileRef = D292D62D2EDF458300E8845A /* Preview Assets.xcassets */; };
		D292D6382EDF458300E8845A /* PrimeFlixPlusTests.swift in Sources */ = {isa = PBXBuildFile; fileRef = D292D6372EDF458300E8845A /* PrimeFlixPlusTests.swift */; };
		D292D6422EDF458300E8845A /* PrimeFlixPlusUITests.swift in Sources */ = {isa = PBXBuildFile; fileRef = D292D6412EDF458300E8845A /* PrimeFlixPlusUITests.swift */; };
		D292D6442EDF458300E8845A /* PrimeFlixPlusUITestsLaunchTests.swift in Sources */ = {isa = PBXBuildFile; fileRef = D292D6432EDF458300E8845A /* PrimeFlixPlusUITestsLaunchTests.swift */; };
		D292D6522EDF45C000E8845A /* DataSource.swift in Sources */ = {isa = PBXBuildFile; fileRef = D292D6512EDF45C000E8845A /* DataSource.swift */; };
		D292D6542EDF45FE00E8845A /* XtreamModels.swift in Sources */ = {isa = PBXBuildFile; fileRef = D292D6532EDF45FE00E8845A /* XtreamModels.swift */; };
		D292D6562EDF464100E8845A /* XtreamInput.swift in Sources */ = {isa = PBXBuildFile; fileRef = D292D6552EDF464100E8845A /* XtreamInput.swift */; };
		D292D6582EDF46CF00E8845A /* Playlist.swift in Sources */ = {isa = PBXBuildFile; fileRef = D292D6572EDF46CF00E8845A /* Playlist.swift */; };
		D292D65A2EDF46EA00E8845A /* WatchProgress.swift in Sources */ = {isa = PBXBuildFile; fileRef = D292D6592EDF46EA00E8845A /* WatchProgress.swift */; };
		D292D65C2EDF470300E8845A /* MediaMetadata.swift in Sources */ = {isa = PBXBuildFile; fileRef = D292D65B2EDF470300E8845A /* MediaMetadata.swift */; };
		D292D65E2EDF47D500E8845A /* TitleNormalizer.swift in Sources */ = {isa = PBXBuildFile; fileRef = D292D65D2EDF47D500E8845A /* TitleNormalizer.swift */; };
		D292D6602EDF492100E8845A /* Channel.swift in Sources */ = {isa = PBXBuildFile; fileRef = D292D65F2EDF492100E8845A /* Channel.swift */; };
		D292D6622EDF494900E8845A /* ChannelRepository.swift in Sources */ = {isa = PBXBuildFile; fileRef = D292D6612EDF494900E8845A /* ChannelRepository.swift */; };
		D292D6642EDF49C900E8845A /* Programme.swift in Sources */ = {isa = PBXBuildFile; fileRef = D292D6632EDF49C900E8845A /* Programme.swift */; };
		D292D6672EDF4A0800E8845A /* M3UParser.swift in Sources */ = {isa = PBXBuildFile; fileRef = D292D6662EDF4A0800E8845A /* M3UParser.swift */; };
		D292D6692EDF4A4600E8845A /* M3UData.swift in Sources */ = {isa = PBXBuildFile; fileRef = D292D6682EDF4A4600E8845A /* M3UData.swift */; };
		D292D66C2EDF4B0500E8845A /* TmdbClient.swift in Sources */ = {isa = PBXBuildFile; fileRef = D292D66B2EDF4B0500E8845A /* TmdbClient.swift */; };
		D292D66F2EDF4B4100E8845A /* PrimeFlixRepository.swift in Sources */ = {isa = PBXBuildFile; fileRef = D292D66E2EDF4B4100E8845A /* PrimeFlixRepository.swift */; };
		D292D6722EDF4B7B00E8845A /* HomeViewModel.swift in Sources */ = {isa = PBXBuildFile; fileRef = D292D6712EDF4B7B00E8845A /* HomeViewModel.swift */; };
		D292D6752EDF4C1800E8845A /* MovieCard.swift in Sources */ = {isa = PBXBuildFile; fileRef = D292D6742EDF4C1800E8845A /* MovieCard.swift */; };
		D292D6772EDF4C3300E8845A /* HomeComponents.swift in Sources */ = {isa = PBXBuildFile; fileRef = D292D6762EDF4C3300E8845A /* HomeComponents.swift */; };
		D292D6792EDF4C5800E8845A /* XtreamClient.swift in Sources */ = {isa = PBXBuildFile; fileRef = D292D6782EDF4C5800E8845A /* XtreamClient.swift */; };
		D292D67C2EDF4D9E00E8845A /* HomeView.swift in Sources */ = {isa = PBXBuildFile; fileRef = D292D67B2EDF4D9E00E8845A /* HomeView.swift */; };
		D292D67E2EDF568C00E8845A /* SettingsViewModel.swift in Sources */ = {isa = PBXBuildFile; fileRef = D292D67D2EDF568C00E8845A /* SettingsViewModel.swift */; };
		D292D6802EDF56AF00E8845A /* SettingsView.swift in Sources */ = {isa = PBXBuildFile; fileRef = D292D67F2EDF56AF00E8845A /* SettingsView.swift */; };
		D292D6822EDF573F00E8845A /* PlayerViewModel.swift in Sources */ = {isa = PBXBuildFile; fileRef = D292D6812EDF573F00E8845A /* PlayerViewModel.swift */; };
		D292D6842EDF576500E8845A /* PlayerView.swift in Sources */ = {isa = PBXBuildFile; fileRef = D292D6832EDF576500E8845A /* PlayerView.swift */; };
		D2AC8AF62EE0ADE900D440C3 /* SearchViewModel.swift in Sources */ = {isa = PBXBuildFile; fileRef = D2AC8AF52EE0ADE900D440C3 /* SearchViewModel.swift */; };
		D2AC8AF82EE0AE0E00D440C3 /* SearchView.swift in Sources */ = {isa = PBXBuildFile; fileRef = D2AC8AF72EE0AE0E00D440C3 /* SearchView.swift */; };
		D2AC8AFA2EE1419400D440C3 /* CinemeltStyle.swift in Sources */ = {isa = PBXBuildFile; fileRef = D2AC8AF92EE1419400D440C3 /* CinemeltStyle.swift */; };
		D2AC8AFC2EE141AE00D440C3 /* SidebarView.swift in Sources */ = {isa = PBXBuildFile; fileRef = D2AC8AFB2EE141AE00D440C3 /* SidebarView.swift */; };
		D2AC8AFE2EE1475700D440C3 /* GlassTextField.swift in Sources */ = {isa = PBXBuildFile; fileRef = D2AC8AFD2EE1475700D440C3 /* GlassTextField.swift */; };
		D2AC8B002EE148C100D440C3 /* EpisodeCard.swift in Sources */ = {isa = PBXBuildFile; fileRef = D2AC8AFF2EE148C100D440C3 /* EpisodeCard.swift */; };
		D2AC8B042EE14DDD00D440C3 /* Zain-Bold.ttf in Resources */ = {isa = PBXBuildFile; fileRef = D2AC8B022EE14D7A00D440C3 /* Zain-Bold.ttf */; };
		D2AC8B052EE14DE100D440C3 /* Zain-Regular.ttf in Resources */ = {isa = PBXBuildFile; fileRef = D2AC8B032EE14D7A00D440C3 /* Zain-Regular.ttf */; };
		D2AC8B072EE1B8F400D440C3 /* SplashView.swift in Sources */ = {isa = PBXBuildFile; fileRef = D2AC8B062EE1B8F400D440C3 /* SplashView.swift */; };
		D2AC8B092EE1FAE000D440C3 /* ContinueWatchingViewModel.swift in Sources */ = {isa = PBXBuildFile; fileRef = D2AC8B082EE1FAE000D440C3 /* ContinueWatchingViewModel.swift */; };
		D2AC8B0B2EE1FB0000D440C3 /* ContinueWatchingView.swift in Sources */ = {isa = PBXBuildFile; fileRef = D2AC8B0A2EE1FB0000D440C3 /* ContinueWatchingView.swift */; };
		D2AC8B0D2EE1FB2F00D440C3 /* FavoritesViewModel.swift in Sources */ = {isa = PBXBuildFile; fileRef = D2AC8B0C2EE1FB2F00D440C3 /* FavoritesViewModel.swift */; };
		D2AC8B0F2EE1FB4700D440C3 /* FavoritesView.swift in Sources */ = {isa = PBXBuildFile; fileRef = D2AC8B0E2EE1FB4700D440C3 /* FavoritesView.swift */; };
		D2AC8B112EE22EAF00D440C3 /* ManageCategoriesView.swift in Sources */ = {isa = PBXBuildFile; fileRef = D2AC8B102EE22EAF00D440C3 /* ManageCategoriesView.swift */; };
		D2AC8B1D2EE27D2A00D440C3 /* TVVLCKit.xcframework in Frameworks */ = {isa = PBXBuildFile; fileRef = D2AC8B1B2EE27D1E00D440C3 /* TVVLCKit.xcframework */; };
		D2AC8B1E2EE27D2A00D440C3 /* TVVLCKit.xcframework in Embed Frameworks */ = {isa = PBXBuildFile; fileRef = D2AC8B1B2EE27D1E00D440C3 /* TVVLCKit.xcframework */; settings = {ATTRIBUTES = (CodeSignOnCopy, RemoveHeadersOnCopy, ); }; };
		D2AC8B232EE27D7A00D440C3 /* AVFoundation.framework in Frameworks */ = {isa = PBXBuildFile; fileRef = D2AC8B222EE27D7A00D440C3 /* AVFoundation.framework */; };
		D2AC8B252EE27D8B00D440C3 /* VideoToolbox.framework in Frameworks */ = {isa = PBXBuildFile; fileRef = D2AC8B242EE27D8A00D440C3 /* VideoToolbox.framework */; };
		D2AC8B272EE27D9600D440C3 /* AudioToolbox.framework in Frameworks */ = {isa = PBXBuildFile; fileRef = D2AC8B262EE27D9600D440C3 /* AudioToolbox.framework */; };
		D2AC8B292EE281E800D440C3 /* .gitignore in Resources */ = {isa = PBXBuildFile; fileRef = D2AC8B282EE281E800D440C3 /* .gitignore */; };
		D2AC8B2B2EE382B700D440C3 /* SmartLoadingView.swift in Sources */ = {isa = PBXBuildFile; fileRef = D2AC8B2A2EE382B700D440C3 /* SmartLoadingView.swift */; };
		D2AC8B2D2EE481D100D440C3 /* NetworkSpeedTestView.swift in Sources */ = {isa = PBXBuildFile; fileRef = D2AC8B2C2EE481D100D440C3 /* NetworkSpeedTestView.swift */; };
		D2AC8B2F2EE4828C00D440C3 /* NetworkSpeedTester.swift in Sources */ = {isa = PBXBuildFile; fileRef = D2AC8B2E2EE4828C00D440C3 /* NetworkSpeedTester.swift */; };
		D2AC8B312EE486E700D440C3 /* VPNDetector.swift in Sources */ = {isa = PBXBuildFile; fileRef = D2AC8B302EE486E700D440C3 /* VPNDetector.swift */; };
		D2AC8B332EE488ED00D440C3 /* VPNWarningView.swift in Sources */ = {isa = PBXBuildFile; fileRef = D2AC8B322EE488ED00D440C3 /* VPNWarningView.swift */; };
		D2AC8B352EE49CD300D440C3 /* UserPreferencesRepository.swift in Sources */ = {isa = PBXBuildFile; fileRef = D2AC8B342EE49CD300D440C3 /* UserPreferencesRepository.swift */; };
		D2AC8B372EE49D5C00D440C3 /* OnboardingViewModel.swift in Sources */ = {isa = PBXBuildFile; fileRef = D2AC8B362EE49D5C00D440C3 /* OnboardingViewModel.swift */; };
		D2AC8B392EE49D7B00D440C3 /* OnboardingView.swift in Sources */ = {isa = PBXBuildFile; fileRef = D2AC8B382EE49D7B00D440C3 /* OnboardingView.swift */; };
		D2AC8B3B2EE4A03100D440C3 /* TasteProfile.swift in Sources */ = {isa = PBXBuildFile; fileRef = D2AC8B3A2EE4A03100D440C3 /* TasteProfile.swift */; };
		D2AC8B3D2EE4A05000D440C3 /* TasteItem.swift in Sources */ = {isa = PBXBuildFile; fileRef = D2AC8B3C2EE4A05000D440C3 /* TasteItem.swift */; };
		D2AC8B402EE6253800D440C3 /* RecommendationService.swift in Sources */ = {isa = PBXBuildFile; fileRef = D2AC8B3F2EE6253800D440C3 /* RecommendationService.swift */; };
		D2AC8B422EE6255700D440C3 /* VersioningService.swift in Sources */ = {isa = PBXBuildFile; fileRef = D2AC8B412EE6255700D440C3 /* VersioningService.swift */; };
		D2AC8B442EE625AF00D440C3 /* NextEpisodeService.swift in Sources */ = {isa = PBXBuildFile; fileRef = D2AC8B432EE625AF00D440C3 /* NextEpisodeService.swift */; };
		D2AC8B462EE625D000D440C3 /* SyncEngine.swift in Sources */ = {isa = PBXBuildFile; fileRef = D2AC8B452EE625D000D440C3 /* SyncEngine.swift */; };
		D2AC8B482EE6265700D440C3 /* EnrichmentService.swift in Sources */ = {isa = PBXBuildFile; fileRef = D2AC8B472EE6265700D440C3 /* EnrichmentService.swift */; };
		D2AC8B4A2EE6267900D440C3 /* VLCPlayerEngine.swift in Sources */ = {isa = PBXBuildFile; fileRef = D2AC8B492EE6267900D440C3 /* VLCPlayerEngine.swift */; };
/* End PBXBuildFile section */

/* Begin PBXContainerItemProxy section */
		D292D6342EDF458300E8845A /* PBXContainerItemProxy */ = {
			isa = PBXContainerItemProxy;
			containerPortal = D292D61B2EDF458100E8845A /* Project object */;
			proxyType = 1;
			remoteGlobalIDString = D292D6222EDF458100E8845A;
			remoteInfo = PrimeFlixPlus;
		};
		D292D63E2EDF458300E8845A /* PBXContainerItemProxy */ = {
			isa = PBXContainerItemProxy;
			containerPortal = D292D61B2EDF458100E8845A /* Project object */;
			proxyType = 1;
			remoteGlobalIDString = D292D6222EDF458100E8845A;
			remoteInfo = PrimeFlixPlus;
		};
/* End PBXContainerItemProxy section */

/* Begin PBXCopyFilesBuildPhase section */
		D2AC8B172EE26F2400D440C3 /* Embed Frameworks */ = {
			isa = PBXCopyFilesBuildPhase;
			buildActionMask = 2147483647;
			dstPath = "";
			dstSubfolderSpec = 10;
			files = (
				D2AC8B1E2EE27D2A00D440C3 /* TVVLCKit.xcframework in Embed Frameworks */,
			);
			name = "Embed Frameworks";
			runOnlyForDeploymentPostprocessing = 0;
		};
/* End PBXCopyFilesBuildPhase section */

/* Begin PBXFileReference section */
		D228AD0A2EDF5A22007C6114 /* Persistence.swift */ = {isa = PBXFileReference; lastKnownFileType = sourcecode.swift; path = Persistence.swift; sourceTree = "<group>"; };
		D228AD0C2EDF5C99007C6114 /* Info.plist */ = {isa = PBXFileReference; lastKnownFileType = text.plist.xml; path = Info.plist; sourceTree = "<group>"; };
		D228AD0E2EDF6061007C6114 /* IntermediateModels.swift */ = {isa = PBXFileReference; lastKnownFileType = sourcecode.swift; path = IntermediateModels.swift; sourceTree = "<group>"; };
		D228AD102EDF6682007C6114 /* AddPlaylistViewModel.swift */ = {isa = PBXFileReference; lastKnownFileType = sourcecode.swift; path = AddPlaylistViewModel.swift; sourceTree = "<group>"; };
		D228AD122EDF66A3007C6114 /* AddPlaylistView.swift */ = {isa = PBXFileReference; lastKnownFileType = sourcecode.swift; path = AddPlaylistView.swift; sourceTree = "<group>"; };
		D228AD142EDF67FB007C6114 /* NeonTextField.swift */ = {isa = PBXFileReference; lastKnownFileType = sourcecode.swift; path = NeonTextField.swift; sourceTree = "<group>"; };
		D228AD162EDF7311007C6114 /* SyncStatusOverlay.swift */ = {isa = PBXFileReference; lastKnownFileType = sourcecode.swift; path = SyncStatusOverlay.swift; sourceTree = "<group>"; };
		D228AD182EDF7430007C6114 /* PrimeFlixPlus */ = {isa = PBXFileReference; lastKnownFileType = folder; path = PrimeFlixPlus; sourceTree = "<group>"; };
		D228AD1A2EDF7952007C6114 /* UnsafeSession.swift */ = {isa = PBXFileReference; lastKnownFileType = sourcecode.swift; path = UnsafeSession.swift; sourceTree = "<group>"; };
		D228AD1C2EDFA8E3007C6114 /* DetailsViewModel.swift */ = {isa = PBXFileReference; lastKnownFileType = sourcecode.swift; path = DetailsViewModel.swift; sourceTree = "<group>"; };
		D228AD1E2EDFA961007C6114 /* DetailsView.swift */ = {isa = PBXFileReference; lastKnownFileType = sourcecode.swift; path = DetailsView.swift; sourceTree = "<group>"; };
		D292D6232EDF458100E8845A /* PrimeFlixPlus.app */ = {isa = PBXFileReference; explicitFileType = wrapper.application; includeInIndex = 0; path = PrimeFlixPlus.app; sourceTree = BUILT_PRODUCTS_DIR; };
		D292D6262EDF458100E8845A /* PrimeFlixPlusApp.swift */ = {isa = PBXFileReference; lastKnownFileType = sourcecode.swift; path = PrimeFlixPlusApp.swift; sourceTree = "<group>"; };
		D292D6282EDF458100E8845A /* ContentView.swift */ = {isa = PBXFileReference; lastKnownFileType = sourcecode.swift; path = ContentView.swift; sourceTree = "<group>"; };
		D292D62A2EDF458300E8845A /* Assets.xcassets */ = {isa = PBXFileReference; lastKnownFileType = folder.assetcatalog; path = Assets.xcassets; sourceTree = "<group>"; };
		D292D62D2EDF458300E8845A /* Preview Assets.xcassets */ = {isa = PBXFileReference; lastKnownFileType = folder.assetcatalog; path = "Preview Assets.xcassets"; sourceTree = "<group>"; };
		D292D6332EDF458300E8845A /* PrimeFlixPlusTests.xctest */ = {isa = PBXFileReference; explicitFileType = wrapper.cfbundle; includeInIndex = 0; path = PrimeFlixPlusTests.xctest; sourceTree = BUILT_PRODUCTS_DIR; };
		D292D6372EDF458300E8845A /* PrimeFlixPlusTests.swift */ = {isa = PBXFileReference; lastKnownFileType = sourcecode.swift; path = PrimeFlixPlusTests.swift; sourceTree = "<group>"; };
		D292D63D2EDF458300E8845A /* PrimeFlixPlusUITests.xctest */ = {isa = PBXFileReference; explicitFileType = wrapper.cfbundle; includeInIndex = 0; path = PrimeFlixPlusUITests.xctest; sourceTree = BUILT_PRODUCTS_DIR; };
		D292D6412EDF458300E8845A /* PrimeFlixPlusUITests.swift */ = {isa = PBXFileReference; lastKnownFileType = sourcecode.swift; path = PrimeFlixPlusUITests.swift; sourceTree = "<group>"; };
		D292D6432EDF458300E8845A /* PrimeFlixPlusUITestsLaunchTests.swift */ = {isa = PBXFileReference; lastKnownFileType = sourcecode.swift; path = PrimeFlixPlusUITestsLaunchTests.swift; sourceTree = "<group>"; };
		D292D6512EDF45C000E8845A /* DataSource.swift */ = {isa = PBXFileReference; lastKnownFileType = sourcecode.swift; path = DataSource.swift; sourceTree = "<group>"; };
		D292D6532EDF45FE00E8845A /* XtreamModels.swift */ = {isa = PBXFileReference; lastKnownFileType = sourcecode.swift; path = XtreamModels.swift; sourceTree = "<group>"; };
		D292D6552EDF464100E8845A /* XtreamInput.swift */ = {isa = PBXFileReference; lastKnownFileType = sourcecode.swift; path = XtreamInput.swift; sourceTree = "<group>"; };
		D292D6572EDF46CF00E8845A /* Playlist.swift */ = {isa = PBXFileReference; lastKnownFileType = sourcecode.swift; path = Playlist.swift; sourceTree = "<group>"; };
		D292D6592EDF46EA00E8845A /* WatchProgress.swift */ = {isa = PBXFileReference; lastKnownFileType = sourcecode.swift; path = WatchProgress.swift; sourceTree = "<group>"; };
		D292D65B2EDF470300E8845A /* MediaMetadata.swift */ = {isa = PBXFileReference; lastKnownFileType = sourcecode.swift; path = MediaMetadata.swift; sourceTree = "<group>"; };
		D292D65D2EDF47D500E8845A /* TitleNormalizer.swift */ = {isa = PBXFileReference; lastKnownFileType = sourcecode.swift; path = TitleNormalizer.swift; sourceTree = "<group>"; };
		D292D65F2EDF492100E8845A /* Channel.swift */ = {isa = PBXFileReference; lastKnownFileType = sourcecode.swift; path = Channel.swift; sourceTree = "<group>"; };
		D292D6612EDF494900E8845A /* ChannelRepository.swift */ = {isa = PBXFileReference; lastKnownFileType = sourcecode.swift; path = ChannelRepository.swift; sourceTree = "<group>"; };
		D292D6632EDF49C900E8845A /* Programme.swift */ = {isa = PBXFileReference; lastKnownFileType = sourcecode.swift; path = Programme.swift; sourceTree = "<group>"; };
		D292D6662EDF4A0800E8845A /* M3UParser.swift */ = {isa = PBXFileReference; lastKnownFileType = sourcecode.swift; path = M3UParser.swift; sourceTree = "<group>"; };
		D292D6682EDF4A4600E8845A /* M3UData.swift */ = {isa = PBXFileReference; lastKnownFileType = sourcecode.swift; path = M3UData.swift; sourceTree = "<group>"; };
		D292D66B2EDF4B0500E8845A /* TmdbClient.swift */ = {isa = PBXFileReference; lastKnownFileType = sourcecode.swift; path = TmdbClient.swift; sourceTree = "<group>"; };
		D292D66E2EDF4B4100E8845A /* PrimeFlixRepository.swift */ = {isa = PBXFileReference; lastKnownFileType = sourcecode.swift; path = PrimeFlixRepository.swift; sourceTree = "<group>"; };
		D292D6712EDF4B7B00E8845A /* HomeViewModel.swift */ = {isa = PBXFileReference; lastKnownFileType = sourcecode.swift; path = HomeViewModel.swift; sourceTree = "<group>"; };
		D292D6742EDF4C1800E8845A /* MovieCard.swift */ = {isa = PBXFileReference; lastKnownFileType = sourcecode.swift; path = MovieCard.swift; sourceTree = "<group>"; };
		D292D6762EDF4C3300E8845A /* HomeComponents.swift */ = {isa = PBXFileReference; lastKnownFileType = sourcecode.swift; path = HomeComponents.swift; sourceTree = "<group>"; };
		D292D6782EDF4C5800E8845A /* XtreamClient.swift */ = {isa = PBXFileReference; lastKnownFileType = sourcecode.swift; path = XtreamClient.swift; sourceTree = "<group>"; };
		D292D67B2EDF4D9E00E8845A /* HomeView.swift */ = {isa = PBXFileReference; lastKnownFileType = sourcecode.swift; path = HomeView.swift; sourceTree = "<group>"; };
		D292D67D2EDF568C00E8845A /* SettingsViewModel.swift */ = {isa = PBXFileReference; lastKnownFileType = sourcecode.swift; path = SettingsViewModel.swift; sourceTree = "<group>"; };
		D292D67F2EDF56AF00E8845A /* SettingsView.swift */ = {isa = PBXFileReference; lastKnownFileType = sourcecode.swift; path = SettingsView.swift; sourceTree = "<group>"; };
		D292D6812EDF573F00E8845A /* PlayerViewModel.swift */ = {isa = PBXFileReference; lastKnownFileType = sourcecode.swift; path = PlayerViewModel.swift; sourceTree = "<group>"; };
		D292D6832EDF576500E8845A /* PlayerView.swift */ = {isa = PBXFileReference; lastKnownFileType = sourcecode.swift; path = PlayerView.swift; sourceTree = "<group>"; };
		D2AC8AF52EE0ADE900D440C3 /* SearchViewModel.swift */ = {isa = PBXFileReference; lastKnownFileType = sourcecode.swift; path = SearchViewModel.swift; sourceTree = "<group>"; };
		D2AC8AF72EE0AE0E00D440C3 /* SearchView.swift */ = {isa = PBXFileReference; lastKnownFileType = sourcecode.swift; path = SearchView.swift; sourceTree = "<group>"; };
		D2AC8AF92EE1419400D440C3 /* CinemeltStyle.swift */ = {isa = PBXFileReference; lastKnownFileType = sourcecode.swift; path = CinemeltStyle.swift; sourceTree = "<group>"; };
		D2AC8AFB2EE141AE00D440C3 /* SidebarView.swift */ = {isa = PBXFileReference; lastKnownFileType = sourcecode.swift; path = SidebarView.swift; sourceTree = "<group>"; };
		D2AC8AFD2EE1475700D440C3 /* GlassTextField.swift */ = {isa = PBXFileReference; lastKnownFileType = sourcecode.swift; path = GlassTextField.swift; sourceTree = "<group>"; };
		D2AC8AFF2EE148C100D440C3 /* EpisodeCard.swift */ = {isa = PBXFileReference; lastKnownFileType = sourcecode.swift; path = EpisodeCard.swift; sourceTree = "<group>"; };
		D2AC8B022EE14D7A00D440C3 /* Zain-Bold.ttf */ = {isa = PBXFileReference; lastKnownFileType = file; name = "Zain-Bold.ttf"; path = "../../../../Downloads/Exo_2,Inter,Nunito,Zain/Zain/Zain-Bold.ttf"; sourceTree = "<group>"; };
		D2AC8B032EE14D7A00D440C3 /* Zain-Regular.ttf */ = {isa = PBXFileReference; lastKnownFileType = file; name = "Zain-Regular.ttf"; path = "../../../../Downloads/Exo_2,Inter,Nunito,Zain/Zain/Zain-Regular.ttf"; sourceTree = "<group>"; };
		D2AC8B062EE1B8F400D440C3 /* SplashView.swift */ = {isa = PBXFileReference; lastKnownFileType = sourcecode.swift; path = SplashView.swift; sourceTree = "<group>"; };
		D2AC8B082EE1FAE000D440C3 /* ContinueWatchingViewModel.swift */ = {isa = PBXFileReference; lastKnownFileType = sourcecode.swift; path = ContinueWatchingViewModel.swift; sourceTree = "<group>"; };
		D2AC8B0A2EE1FB0000D440C3 /* ContinueWatchingView.swift */ = {isa = PBXFileReference; lastKnownFileType = sourcecode.swift; path = ContinueWatchingView.swift; sourceTree = "<group>"; };
		D2AC8B0C2EE1FB2F00D440C3 /* FavoritesViewModel.swift */ = {isa = PBXFileReference; lastKnownFileType = sourcecode.swift; path = FavoritesViewModel.swift; sourceTree = "<group>"; };
		D2AC8B0E2EE1FB4700D440C3 /* FavoritesView.swift */ = {isa = PBXFileReference; lastKnownFileType = sourcecode.swift; path = FavoritesView.swift; sourceTree = "<group>"; };
		D2AC8B102EE22EAF00D440C3 /* ManageCategoriesView.swift */ = {isa = PBXFileReference; lastKnownFileType = sourcecode.swift; path = ManageCategoriesView.swift; sourceTree = "<group>"; };
		D2AC8B1B2EE27D1E00D440C3 /* TVVLCKit.xcframework */ = {isa = PBXFileReference; lastKnownFileType = wrapper.xcframework; path = TVVLCKit.xcframework; sourceTree = "<group>"; };
		D2AC8B202EE27D5800D440C3 /* libc++.tbd */ = {isa = PBXFileReference; lastKnownFileType = "sourcecode.text-based-dylib-definition"; name = "libc++.tbd"; path = "usr/lib/libc++.tbd"; sourceTree = SDKROOT; };
		D2AC8B212EE27D6B00D440C3 /* libiconv.tbd */ = {isa = PBXFileReference; lastKnownFileType = "sourcecode.text-based-dylib-definition"; name = libiconv.tbd; path = usr/lib/libiconv.tbd; sourceTree = SDKROOT; };
		D2AC8B222EE27D7A00D440C3 /* AVFoundation.framework */ = {isa = PBXFileReference; lastKnownFileType = wrapper.framework; name = AVFoundation.framework; path = System/Library/Frameworks/AVFoundation.framework; sourceTree = SDKROOT; };
		D2AC8B242EE27D8A00D440C3 /* VideoToolbox.framework */ = {isa = PBXFileReference; lastKnownFileType = wrapper.framework; name = VideoToolbox.framework; path = System/Library/Frameworks/VideoToolbox.framework; sourceTree = SDKROOT; };
		D2AC8B262EE27D9600D440C3 /* AudioToolbox.framework */ = {isa = PBXFileReference; lastKnownFileType = wrapper.framework; name = AudioToolbox.framework; path = System/Library/Frameworks/AudioToolbox.framework; sourceTree = SDKROOT; };
		D2AC8B282EE281E800D440C3 /* .gitignore */ = {isa = PBXFileReference; lastKnownFileType = text; path = .gitignore; sourceTree = "<group>"; };
		D2AC8B2A2EE382B700D440C3 /* SmartLoadingView.swift */ = {isa = PBXFileReference; lastKnownFileType = sourcecode.swift; path = SmartLoadingView.swift; sourceTree = "<group>"; };
		D2AC8B2C2EE481D100D440C3 /* NetworkSpeedTestView.swift */ = {isa = PBXFileReference; lastKnownFileType = sourcecode.swift; path = NetworkSpeedTestView.swift; sourceTree = "<group>"; };
		D2AC8B2E2EE4828C00D440C3 /* NetworkSpeedTester.swift */ = {isa = PBXFileReference; lastKnownFileType = sourcecode.swift; path = NetworkSpeedTester.swift; sourceTree = "<group>"; };
		D2AC8B302EE486E700D440C3 /* VPNDetector.swift */ = {isa = PBXFileReference; lastKnownFileType = sourcecode.swift; path = VPNDetector.swift; sourceTree = "<group>"; };
		D2AC8B322EE488ED00D440C3 /* VPNWarningView.swift */ = {isa = PBXFileReference; lastKnownFileType = sourcecode.swift; path = VPNWarningView.swift; sourceTree = "<group>"; };
		D2AC8B342EE49CD300D440C3 /* UserPreferencesRepository.swift */ = {isa = PBXFileReference; lastKnownFileType = sourcecode.swift; path = UserPreferencesRepository.swift; sourceTree = "<group>"; };
		D2AC8B362EE49D5C00D440C3 /* OnboardingViewModel.swift */ = {isa = PBXFileReference; lastKnownFileType = sourcecode.swift; path = OnboardingViewModel.swift; sourceTree = "<group>"; };
		D2AC8B382EE49D7B00D440C3 /* OnboardingView.swift */ = {isa = PBXFileReference; lastKnownFileType = sourcecode.swift; path = OnboardingView.swift; sourceTree = "<group>"; };
		D2AC8B3A2EE4A03100D440C3 /* TasteProfile.swift */ = {isa = PBXFileReference; lastKnownFileType = sourcecode.swift; path = TasteProfile.swift; sourceTree = "<group>"; };
		D2AC8B3C2EE4A05000D440C3 /* TasteItem.swift */ = {isa = PBXFileReference; lastKnownFileType = sourcecode.swift; path = TasteItem.swift; sourceTree = "<group>"; };
		D2AC8B3F2EE6253800D440C3 /* RecommendationService.swift */ = {isa = PBXFileReference; lastKnownFileType = sourcecode.swift; path = RecommendationService.swift; sourceTree = "<group>"; };
		D2AC8B412EE6255700D440C3 /* VersioningService.swift */ = {isa = PBXFileReference; lastKnownFileType = sourcecode.swift; path = VersioningService.swift; sourceTree = "<group>"; };
		D2AC8B432EE625AF00D440C3 /* NextEpisodeService.swift */ = {isa = PBXFileReference; lastKnownFileType = sourcecode.swift; path = NextEpisodeService.swift; sourceTree = "<group>"; };
		D2AC8B452EE625D000D440C3 /* SyncEngine.swift */ = {isa = PBXFileReference; lastKnownFileType = sourcecode.swift; path = SyncEngine.swift; sourceTree = "<group>"; };
		D2AC8B472EE6265700D440C3 /* EnrichmentService.swift */ = {isa = PBXFileReference; lastKnownFileType = sourcecode.swift; path = EnrichmentService.swift; sourceTree = "<group>"; };
		D2AC8B492EE6267900D440C3 /* VLCPlayerEngine.swift */ = {isa = PBXFileReference; lastKnownFileType = sourcecode.swift; path = VLCPlayerEngine.swift; sourceTree = "<group>"; };
/* End PBXFileReference section */

/* Begin PBXFrameworksBuildPhase section */
		D292D6202EDF458100E8845A /* Frameworks */ = {
			isa = PBXFrameworksBuildPhase;
			buildActionMask = 2147483647;
			files = (
				D2AC8B232EE27D7A00D440C3 /* AVFoundation.framework in Frameworks */,
				D2AC8B1D2EE27D2A00D440C3 /* TVVLCKit.xcframework in Frameworks */,
				D2AC8B252EE27D8B00D440C3 /* VideoToolbox.framework in Frameworks */,
				D2AC8B272EE27D9600D440C3 /* AudioToolbox.framework in Frameworks */,
			);
			runOnlyForDeploymentPostprocessing = 0;
		};
		D292D6302EDF458300E8845A /* Frameworks */ = {
			isa = PBXFrameworksBuildPhase;
			buildActionMask = 2147483647;
			files = (
			);
			runOnlyForDeploymentPostprocessing = 0;
		};
		D292D63A2EDF458300E8845A /* Frameworks */ = {
			isa = PBXFrameworksBuildPhase;
			buildActionMask = 2147483647;
			files = (
			);
			runOnlyForDeploymentPostprocessing = 0;
		};
/* End PBXFrameworksBuildPhase section */

/* Begin PBXGroup section */
		D292D61A2EDF458100E8845A = {
			isa = PBXGroup;
			children = (
				D292D6252EDF458100E8845A /* PrimeFlixPlus */,
				D228AD182EDF7430007C6114 /* PrimeFlixPlus */,
				D292D6362EDF458300E8845A /* PrimeFlixPlusTests */,
				D292D6402EDF458300E8845A /* PrimeFlixPlusUITests */,
				D292D6242EDF458100E8845A /* Products */,
				D2AC8B1F2EE27D5800D440C3 /* Frameworks */,
			);
			sourceTree = "<group>";
		};
		D292D6242EDF458100E8845A /* Products */ = {
			isa = PBXGroup;
			children = (
				D292D6232EDF458100E8845A /* PrimeFlixPlus.app */,
				D292D6332EDF458300E8845A /* PrimeFlixPlusTests.xctest */,
				D292D63D2EDF458300E8845A /* PrimeFlixPlusUITests.xctest */,
			);
			name = Products;
			sourceTree = "<group>";
		};
		D292D6252EDF458100E8845A /* PrimeFlixPlus */ = {
			isa = PBXGroup;
			children = (
				D2AC8B3E2EE6251C00D440C3 /* Services */,
				D2AC8B1B2EE27D1E00D440C3 /* TVVLCKit.xcframework */,
				D2AC8B012EE14D5C00D440C3 /* Fonts */,
				D292D67A2EDF4D9100E8845A /* UI */,
				D292D6732EDF4C0900E8845A /* Components */,
				D292D6702EDF4B6600E8845A /* ViewModels */,
				D292D66D2EDF4B2E00E8845A /* Repositories */,
				D292D66A2EDF4AF300E8845A /* Network */,
				D292D6652EDF49EF00E8845A /* Parsers */,
				D292D6502EDF459B00E8845A /* Models */,
				D292D6262EDF458100E8845A /* PrimeFlixPlusApp.swift */,
				D292D6282EDF458100E8845A /* ContentView.swift */,
				D292D62A2EDF458300E8845A /* Assets.xcassets */,
				D292D62C2EDF458300E8845A /* Preview Content */,
				D228AD0C2EDF5C99007C6114 /* Info.plist */,
				D2AC8B282EE281E800D440C3 /* .gitignore */,
			);
			path = PrimeFlixPlus;
			sourceTree = "<group>";
		};
		D292D62C2EDF458300E8845A /* Preview Content */ = {
			isa = PBXGroup;
			children = (
				D292D62D2EDF458300E8845A /* Preview Assets.xcassets */,
			);
			path = "Preview Content";
			sourceTree = "<group>";
		};
		D292D6362EDF458300E8845A /* PrimeFlixPlusTests */ = {
			isa = PBXGroup;
			children = (
				D292D6372EDF458300E8845A /* PrimeFlixPlusTests.swift */,
			);
			path = PrimeFlixPlusTests;
			sourceTree = "<group>";
		};
		D292D6402EDF458300E8845A /* PrimeFlixPlusUITests */ = {
			isa = PBXGroup;
			children = (
				D292D6412EDF458300E8845A /* PrimeFlixPlusUITests.swift */,
				D292D6432EDF458300E8845A /* PrimeFlixPlusUITestsLaunchTests.swift */,
			);
			path = PrimeFlixPlusUITests;
			sourceTree = "<group>";
		};
		D292D6502EDF459B00E8845A /* Models */ = {
			isa = PBXGroup;
			children = (
				D292D6512EDF45C000E8845A /* DataSource.swift */,
				D292D6532EDF45FE00E8845A /* XtreamModels.swift */,
				D292D6552EDF464100E8845A /* XtreamInput.swift */,
				D292D6572EDF46CF00E8845A /* Playlist.swift */,
				D292D6592EDF46EA00E8845A /* WatchProgress.swift */,
				D292D65B2EDF470300E8845A /* MediaMetadata.swift */,
				D292D65D2EDF47D500E8845A /* TitleNormalizer.swift */,
				D292D65F2EDF492100E8845A /* Channel.swift */,
				D292D6612EDF494900E8845A /* ChannelRepository.swift */,
				D292D6632EDF49C900E8845A /* Programme.swift */,
				D228AD0A2EDF5A22007C6114 /* Persistence.swift */,
				D228AD0E2EDF6061007C6114 /* IntermediateModels.swift */,
				D2AC8B3A2EE4A03100D440C3 /* TasteProfile.swift */,
				D2AC8B3C2EE4A05000D440C3 /* TasteItem.swift */,
			);
			path = Models;
			sourceTree = "<group>";
		};
		D292D6652EDF49EF00E8845A /* Parsers */ = {
			isa = PBXGroup;
			children = (
				D292D6662EDF4A0800E8845A /* M3UParser.swift */,
				D292D6682EDF4A4600E8845A /* M3UData.swift */,
			);
			path = Parsers;
			sourceTree = "<group>";
		};
		D292D66A2EDF4AF300E8845A /* Network */ = {
			isa = PBXGroup;
			children = (
				D292D66B2EDF4B0500E8845A /* TmdbClient.swift */,
				D292D6782EDF4C5800E8845A /* XtreamClient.swift */,
				D228AD1A2EDF7952007C6114 /* UnsafeSession.swift */,
				D2AC8B302EE486E700D440C3 /* VPNDetector.swift */,
			);
			path = Network;
			sourceTree = "<group>";
		};
		D292D66D2EDF4B2E00E8845A /* Repositories */ = {
			isa = PBXGroup;
			children = (
				D292D66E2EDF4B4100E8845A /* PrimeFlixRepository.swift */,
				D2AC8B342EE49CD300D440C3 /* UserPreferencesRepository.swift */,
			);
			path = Repositories;
			sourceTree = "<group>";
		};
		D292D6702EDF4B6600E8845A /* ViewModels */ = {
			isa = PBXGroup;
			children = (
				D292D6712EDF4B7B00E8845A /* HomeViewModel.swift */,
				D292D67D2EDF568C00E8845A /* SettingsViewModel.swift */,
				D292D6812EDF573F00E8845A /* PlayerViewModel.swift */,
				D228AD102EDF6682007C6114 /* AddPlaylistViewModel.swift */,
				D228AD1C2EDFA8E3007C6114 /* DetailsViewModel.swift */,
				D2AC8AF52EE0ADE900D440C3 /* SearchViewModel.swift */,
				D2AC8B082EE1FAE000D440C3 /* ContinueWatchingViewModel.swift */,
				D2AC8B0C2EE1FB2F00D440C3 /* FavoritesViewModel.swift */,
				D2AC8B2E2EE4828C00D440C3 /* NetworkSpeedTester.swift */,
				D2AC8B362EE49D5C00D440C3 /* OnboardingViewModel.swift */,
			);
			path = ViewModels;
			sourceTree = "<group>";
		};
		D292D6732EDF4C0900E8845A /* Components */ = {
			isa = PBXGroup;
			children = (
				D292D6742EDF4C1800E8845A /* MovieCard.swift */,
				D292D6762EDF4C3300E8845A /* HomeComponents.swift */,
				D2AC8AFF2EE148C100D440C3 /* EpisodeCard.swift */,
			);
			path = Components;
			sourceTree = "<group>";
		};
		D292D67A2EDF4D9100E8845A /* UI */ = {
			isa = PBXGroup;
			children = (
				D292D67B2EDF4D9E00E8845A /* HomeView.swift */,
				D292D67F2EDF56AF00E8845A /* SettingsView.swift */,
				D292D6832EDF576500E8845A /* PlayerView.swift */,
				D228AD122EDF66A3007C6114 /* AddPlaylistView.swift */,
				D228AD142EDF67FB007C6114 /* NeonTextField.swift */,
				D228AD162EDF7311007C6114 /* SyncStatusOverlay.swift */,
				D228AD1E2EDFA961007C6114 /* DetailsView.swift */,
				D2AC8AF72EE0AE0E00D440C3 /* SearchView.swift */,
				D2AC8AF92EE1419400D440C3 /* CinemeltStyle.swift */,
				D2AC8AFB2EE141AE00D440C3 /* SidebarView.swift */,
				D2AC8AFD2EE1475700D440C3 /* GlassTextField.swift */,
				D2AC8B062EE1B8F400D440C3 /* SplashView.swift */,
				D2AC8B0A2EE1FB0000D440C3 /* ContinueWatchingView.swift */,
				D2AC8B0E2EE1FB4700D440C3 /* FavoritesView.swift */,
				D2AC8B102EE22EAF00D440C3 /* ManageCategoriesView.swift */,
				D2AC8B2A2EE382B700D440C3 /* SmartLoadingView.swift */,
				D2AC8B2C2EE481D100D440C3 /* NetworkSpeedTestView.swift */,
				D2AC8B322EE488ED00D440C3 /* VPNWarningView.swift */,
				D2AC8B382EE49D7B00D440C3 /* OnboardingView.swift */,
			);
			path = UI;
			sourceTree = "<group>";
		};
		D2AC8B012EE14D5C00D440C3 /* Fonts */ = {
			isa = PBXGroup;
			children = (
				D2AC8B022EE14D7A00D440C3 /* Zain-Bold.ttf */,
				D2AC8B032EE14D7A00D440C3 /* Zain-Regular.ttf */,
			);
			path = Fonts;
			sourceTree = "<group>";
		};
		D2AC8B1F2EE27D5800D440C3 /* Frameworks */ = {
			isa = PBXGroup;
			children = (
				D2AC8B262EE27D9600D440C3 /* AudioToolbox.framework */,
				D2AC8B242EE27D8A00D440C3 /* VideoToolbox.framework */,
				D2AC8B222EE27D7A00D440C3 /* AVFoundation.framework */,
				D2AC8B212EE27D6B00D440C3 /* libiconv.tbd */,
				D2AC8B202EE27D5800D440C3 /* libc++.tbd */,
			);
			name = Frameworks;
			sourceTree = "<group>";
		};
		D2AC8B3E2EE6251C00D440C3 /* Services */ = {
			isa = PBXGroup;
			children = (
				D2AC8B3F2EE6253800D440C3 /* RecommendationService.swift */,
				D2AC8B412EE6255700D440C3 /* VersioningService.swift */,
				D2AC8B432EE625AF00D440C3 /* NextEpisodeService.swift */,
				D2AC8B452EE625D000D440C3 /* SyncEngine.swift */,
				D2AC8B472EE6265700D440C3 /* EnrichmentService.swift */,
				D2AC8B492EE6267900D440C3 /* VLCPlayerEngine.swift */,
			);
			path = Services;
			sourceTree = "<group>";
		};
/* End PBXGroup section */

/* Begin PBXNativeTarget section */
		D292D6222EDF458100E8845A /* PrimeFlixPlus */ = {
			isa = PBXNativeTarget;
			buildConfigurationList = D292D6472EDF458300E8845A /* Build configuration list for PBXNativeTarget "PrimeFlixPlus" */;
			buildPhases = (
				D292D61F2EDF458100E8845A /* Sources */,
				D292D6202EDF458100E8845A /* Frameworks */,
				D292D6212EDF458100E8845A /* Resources */,
				D2AC8B172EE26F2400D440C3 /* Embed Frameworks */,
			);
			buildRules = (
			);
			dependencies = (
			);
			name = PrimeFlixPlus;
			productName = PrimeFlixPlus;
			productReference = D292D6232EDF458100E8845A /* PrimeFlixPlus.app */;
			productType = "com.apple.product-type.application";
		};
		D292D6322EDF458300E8845A /* PrimeFlixPlusTests */ = {
			isa = PBXNativeTarget;
			buildConfigurationList = D292D64A2EDF458300E8845A /* Build configuration list for PBXNativeTarget "PrimeFlixPlusTests" */;
			buildPhases = (
				D292D62F2EDF458300E8845A /* Sources */,
				D292D6302EDF458300E8845A /* Frameworks */,
				D292D6312EDF458300E8845A /* Resources */,
			);
			buildRules = (
			);
			dependencies = (
				D292D6352EDF458300E8845A /* PBXTargetDependency */,
			);
			name = PrimeFlixPlusTests;
			productName = PrimeFlixPlusTests;
			productReference = D292D6332EDF458300E8845A /* PrimeFlixPlusTests.xctest */;
			productType = "com.apple.product-type.bundle.unit-test";
		};
		D292D63C2EDF458300E8845A /* PrimeFlixPlusUITests */ = {
			isa = PBXNativeTarget;
			buildConfigurationList = D292D64D2EDF458300E8845A /* Build configuration list for PBXNativeTarget "PrimeFlixPlusUITests" */;
			buildPhases = (
				D292D6392EDF458300E8845A /* Sources */,
				D292D63A2EDF458300E8845A /* Frameworks */,
				D292D63B2EDF458300E8845A /* Resources */,
			);
			buildRules = (
			);
			dependencies = (
				D292D63F2EDF458300E8845A /* PBXTargetDependency */,
			);
			name = PrimeFlixPlusUITests;
			productName = PrimeFlixPlusUITests;
			productReference = D292D63D2EDF458300E8845A /* PrimeFlixPlusUITests.xctest */;
			productType = "com.apple.product-type.bundle.ui-testing";
		};
/* End PBXNativeTarget section */

/* Begin PBXProject section */
		D292D61B2EDF458100E8845A /* Project object */ = {
			isa = PBXProject;
			attributes = {
				BuildIndependentTargetsInParallel = 1;
				LastSwiftUpdateCheck = 1340;
				LastUpgradeCheck = 1340;
				TargetAttributes = {
					D292D6222EDF458100E8845A = {
						CreatedOnToolsVersion = 13.4.1;
					};
					D292D6322EDF458300E8845A = {
						CreatedOnToolsVersion = 13.4.1;
						TestTargetID = D292D6222EDF458100E8845A;
					};
					D292D63C2EDF458300E8845A = {
						CreatedOnToolsVersion = 13.4.1;
						TestTargetID = D292D6222EDF458100E8845A;
					};
				};
			};
			buildConfigurationList = D292D61E2EDF458100E8845A /* Build configuration list for PBXProject "PrimeFlixPlus" */;
			compatibilityVersion = "Xcode 13.0";
			developmentRegion = en;
			hasScannedForEncodings = 0;
			knownRegions = (
				en,
				Base,
			);
			mainGroup = D292D61A2EDF458100E8845A;
			packageReferences = (
				D2AC8B182EE2775800D440C3 /* XCRemoteSwiftPackageReference "vlckit-spm" */,
				D2AC8B192EE278F500D440C3 /* XCRemoteSwiftPackageReference "vlckit-spm" */,
				D2AC8B1A2EE27A5200D440C3 /* XCRemoteSwiftPackageReference "vlckit-spm" */,
			);
			productRefGroup = D292D6242EDF458100E8845A /* Products */;
			projectDirPath = "";
			projectRoot = "";
			targets = (
				D292D6222EDF458100E8845A /* PrimeFlixPlus */,
				D292D6322EDF458300E8845A /* PrimeFlixPlusTests */,
				D292D63C2EDF458300E8845A /* PrimeFlixPlusUITests */,
			);
		};
/* End PBXProject section */

/* Begin PBXResourcesBuildPhase section */
		D292D6212EDF458100E8845A /* Resources */ = {
			isa = PBXResourcesBuildPhase;
			buildActionMask = 2147483647;
			files = (
				D2AC8B292EE281E800D440C3 /* .gitignore in Resources */,
				D292D62E2EDF458300E8845A /* Preview Assets.xcassets in Resources */,
				D2AC8B052EE14DE100D440C3 /* Zain-Regular.ttf in Resources */,
				D2AC8B042EE14DDD00D440C3 /* Zain-Bold.ttf in Resources */,
				D292D62B2EDF458300E8845A /* Assets.xcassets in Resources */,
			);
			runOnlyForDeploymentPostprocessing = 0;
		};
		D292D6312EDF458300E8845A /* Resources */ = {
			isa = PBXResourcesBuildPhase;
			buildActionMask = 2147483647;
			files = (
			);
			runOnlyForDeploymentPostprocessing = 0;
		};
		D292D63B2EDF458300E8845A /* Resources */ = {
			isa = PBXResourcesBuildPhase;
			buildActionMask = 2147483647;
			files = (
			);
			runOnlyForDeploymentPostprocessing = 0;
		};
/* End PBXResourcesBuildPhase section */

/* Begin PBXSourcesBuildPhase section */
		D292D61F2EDF458100E8845A /* Sources */ = {
			isa = PBXSourcesBuildPhase;
			buildActionMask = 2147483647;
			files = (
				D292D6722EDF4B7B00E8845A /* HomeViewModel.swift in Sources */,
				D2AC8B3B2EE4A03100D440C3 /* TasteProfile.swift in Sources */,
				D2AC8B462EE625D000D440C3 /* SyncEngine.swift in Sources */,
				D2AC8AF62EE0ADE900D440C3 /* SearchViewModel.swift in Sources */,
				D2AC8AFE2EE1475700D440C3 /* GlassTextField.swift in Sources */,
				D2AC8B112EE22EAF00D440C3 /* ManageCategoriesView.swift in Sources */,
				D292D6802EDF56AF00E8845A /* SettingsView.swift in Sources */,
				D228AD132EDF66A3007C6114 /* AddPlaylistView.swift in Sources */,
				D292D6772EDF4C3300E8845A /* HomeComponents.swift in Sources */,
				D292D6642EDF49C900E8845A /* Programme.swift in Sources */,
				D292D6522EDF45C000E8845A /* DataSource.swift in Sources */,
				D2AC8B482EE6265700D440C3 /* EnrichmentService.swift in Sources */,
				D2AC8B3D2EE4A05000D440C3 /* TasteItem.swift in Sources */,
				D2AC8AFA2EE1419400D440C3 /* CinemeltStyle.swift in Sources */,
				D2AC8B2F2EE4828C00D440C3 /* NetworkSpeedTester.swift in Sources */,
				D292D6602EDF492100E8845A /* Channel.swift in Sources */,
				D292D6292EDF458100E8845A /* ContentView.swift in Sources */,
				D2AC8B072EE1B8F400D440C3 /* SplashView.swift in Sources */,
				D228AD0B2EDF5A22007C6114 /* Persistence.swift in Sources */,
				D292D66F2EDF4B4100E8845A /* PrimeFlixRepository.swift in Sources */,
				D292D6842EDF576500E8845A /* PlayerView.swift in Sources */,
				D2AC8B2B2EE382B700D440C3 /* SmartLoadingView.swift in Sources */,
				D292D6562EDF464100E8845A /* XtreamInput.swift in Sources */,
				D292D6822EDF573F00E8845A /* PlayerViewModel.swift in Sources */,
				D228AD112EDF6682007C6114 /* AddPlaylistViewModel.swift in Sources */,
				D292D6672EDF4A0800E8845A /* M3UParser.swift in Sources */,
				D292D6792EDF4C5800E8845A /* XtreamClient.swift in Sources */,
				D2AC8B422EE6255700D440C3 /* VersioningService.swift in Sources */,
				D292D6752EDF4C1800E8845A /* MovieCard.swift in Sources */,
				D292D65A2EDF46EA00E8845A /* WatchProgress.swift in Sources */,
				D2AC8B092EE1FAE000D440C3 /* ContinueWatchingViewModel.swift in Sources */,
				D292D6542EDF45FE00E8845A /* XtreamModels.swift in Sources */,
				D2AC8B352EE49CD300D440C3 /* UserPreferencesRepository.swift in Sources */,
				D2AC8AFC2EE141AE00D440C3 /* SidebarView.swift in Sources */,
				D2AC8B442EE625AF00D440C3 /* NextEpisodeService.swift in Sources */,
				D228AD172EDF7311007C6114 /* SyncStatusOverlay.swift in Sources */,
				D228AD1B2EDF7952007C6114 /* UnsafeSession.swift in Sources */,
				D228AD152EDF67FB007C6114 /* NeonTextField.swift in Sources */,
				D2AC8B0B2EE1FB0000D440C3 /* ContinueWatchingView.swift in Sources */,
				D292D6622EDF494900E8845A /* ChannelRepository.swift in Sources */,
				D228AD0F2EDF6061007C6114 /* IntermediateModels.swift in Sources */,
				D292D6692EDF4A4600E8845A /* M3UData.swift in Sources */,
				D292D67C2EDF4D9E00E8845A /* HomeView.swift in Sources */,
				D2AC8B372EE49D5C00D440C3 /* OnboardingViewModel.swift in Sources */,
				D292D6272EDF458100E8845A /* PrimeFlixPlusApp.swift in Sources */,
				D2AC8B392EE49D7B00D440C3 /* OnboardingView.swift in Sources */,
				D2AC8B4A2EE6267900D440C3 /* VLCPlayerEngine.swift in Sources */,
				D2AC8B0D2EE1FB2F00D440C3 /* FavoritesViewModel.swift in Sources */,
				D2AC8B0F2EE1FB4700D440C3 /* FavoritesView.swift in Sources */,
				D2AC8B002EE148C100D440C3 /* EpisodeCard.swift in Sources */,
				D2AC8AF82EE0AE0E00D440C3 /* SearchView.swift in Sources */,
				D292D6582EDF46CF00E8845A /* Playlist.swift in Sources */,
				D292D65E2EDF47D500E8845A /* TitleNormalizer.swift in Sources */,
				D228AD1D2EDFA8E3007C6114 /* DetailsViewModel.swift in Sources */,
				D2AC8B332EE488ED00D440C3 /* VPNWarningView.swift in Sources */,
				D2AC8B2D2EE481D100D440C3 /* NetworkSpeedTestView.swift in Sources */,
				D2AC8B402EE6253800D440C3 /* RecommendationService.swift in Sources */,
				D292D67E2EDF568C00E8845A /* SettingsViewModel.swift in Sources */,
				D2AC8B312EE486E700D440C3 /* VPNDetector.swift in Sources */,
				D228AD1F2EDFA961007C6114 /* DetailsView.swift in Sources */,
				D292D65C2EDF470300E8845A /* MediaMetadata.swift in Sources */,
				D292D66C2EDF4B0500E8845A /* TmdbClient.swift in Sources */,
			);
			runOnlyForDeploymentPostprocessing = 0;
		};
		D292D62F2EDF458300E8845A /* Sources */ = {
			isa = PBXSourcesBuildPhase;
			buildActionMask = 2147483647;
			files = (
				D292D6382EDF458300E8845A /* PrimeFlixPlusTests.swift in Sources */,
			);
			runOnlyForDeploymentPostprocessing = 0;
		};
		D292D6392EDF458300E8845A /* Sources */ = {
			isa = PBXSourcesBuildPhase;
			buildActionMask = 2147483647;
			files = (
				D292D6422EDF458300E8845A /* PrimeFlixPlusUITests.swift in Sources */,
				D292D6442EDF458300E8845A /* PrimeFlixPlusUITestsLaunchTests.swift in Sources */,
			);
			runOnlyForDeploymentPostprocessing = 0;
		};
/* End PBXSourcesBuildPhase section */

/* Begin PBXTargetDependency section */
		D292D6352EDF458300E8845A /* PBXTargetDependency */ = {
			isa = PBXTargetDependency;
			target = D292D6222EDF458100E8845A /* PrimeFlixPlus */;
			targetProxy = D292D6342EDF458300E8845A /* PBXContainerItemProxy */;
		};
		D292D63F2EDF458300E8845A /* PBXTargetDependency */ = {
			isa = PBXTargetDependency;
			target = D292D6222EDF458100E8845A /* PrimeFlixPlus */;
			targetProxy = D292D63E2EDF458300E8845A /* PBXContainerItemProxy */;
		};
/* End PBXTargetDependency section */

/* Begin XCBuildConfiguration section */
		D292D6452EDF458300E8845A /* Debug */ = {
			isa = XCBuildConfiguration;
			buildSettings = {
				ALWAYS_SEARCH_USER_PATHS = NO;
				CLANG_ANALYZER_NONNULL = YES;
				CLANG_ANALYZER_NUMBER_OBJECT_CONVERSION = YES_AGGRESSIVE;
				CLANG_CXX_LANGUAGE_STANDARD = "gnu++17";
				CLANG_ENABLE_MODULES = YES;
				CLANG_ENABLE_OBJC_ARC = YES;
				CLANG_ENABLE_OBJC_WEAK = YES;
				CLANG_WARN_BLOCK_CAPTURE_AUTORELEASING = YES;
				CLANG_WARN_BOOL_CONVERSION = YES;
				CLANG_WARN_COMMA = YES;
				CLANG_WARN_CONSTANT_CONVERSION = YES;
				CLANG_WARN_DEPRECATED_OBJC_IMPLEMENTATIONS = YES;
				CLANG_WARN_DIRECT_OBJC_ISA_USAGE = YES_ERROR;
				CLANG_WARN_DOCUMENTATION_COMMENTS = YES;
				CLANG_WARN_EMPTY_BODY = YES;
				CLANG_WARN_ENUM_CONVERSION = YES;
				CLANG_WARN_INFINITE_RECURSION = YES;
				CLANG_WARN_INT_CONVERSION = YES;
				CLANG_WARN_NON_LITERAL_NULL_CONVERSION = YES;
				CLANG_WARN_OBJC_IMPLICIT_RETAIN_SELF = YES;
				CLANG_WARN_OBJC_LITERAL_CONVERSION = YES;
				CLANG_WARN_OBJC_ROOT_CLASS = YES_ERROR;
				CLANG_WARN_QUOTED_INCLUDE_IN_FRAMEWORK_HEADER = YES;
				CLANG_WARN_RANGE_LOOP_ANALYSIS = YES;
				CLANG_WARN_STRICT_PROTOTYPES = YES;
				CLANG_WARN_SUSPICIOUS_MOVE = YES;
				CLANG_WARN_UNGUARDED_AVAILABILITY = YES_AGGRESSIVE;
				CLANG_WARN_UNREACHABLE_CODE = YES;
				CLANG_WARN__DUPLICATE_METHOD_MATCH = YES;
				COPY_PHASE_STRIP = NO;
				DEBUG_INFORMATION_FORMAT = dwarf;
				ENABLE_STRICT_OBJC_MSGSEND = YES;
				ENABLE_TESTABILITY = YES;
				GCC_C_LANGUAGE_STANDARD = gnu11;
				GCC_DYNAMIC_NO_PIC = NO;
				GCC_NO_COMMON_BLOCKS = YES;
				GCC_OPTIMIZATION_LEVEL = 0;
				GCC_PREPROCESSOR_DEFINITIONS = (
					"DEBUG=1",
					"$(inherited)",
				);
				GCC_WARN_64_TO_32_BIT_CONVERSION = YES;
				GCC_WARN_ABOUT_RETURN_TYPE = YES_ERROR;
				GCC_WARN_UNDECLARED_SELECTOR = YES;
				GCC_WARN_UNINITIALIZED_AUTOS = YES_AGGRESSIVE;
				GCC_WARN_UNUSED_FUNCTION = YES;
				GCC_WARN_UNUSED_VARIABLE = YES;
				MTL_ENABLE_DEBUG_INFO = INCLUDE_SOURCE;
				MTL_FAST_MATH = YES;
				ONLY_ACTIVE_ARCH = YES;
				SDKROOT = appletvos;
				SWIFT_ACTIVE_COMPILATION_CONDITIONS = DEBUG;
				SWIFT_OPTIMIZATION_LEVEL = "-Onone";
				TVOS_DEPLOYMENT_TARGET = 15.4;
			};
			name = Debug;
		};
		D292D6462EDF458300E8845A /* Release */ = {
			isa = XCBuildConfiguration;
			buildSettings = {
				ALWAYS_SEARCH_USER_PATHS = NO;
				CLANG_ANALYZER_NONNULL = YES;
				CLANG_ANALYZER_NUMBER_OBJECT_CONVERSION = YES_AGGRESSIVE;
				CLANG_CXX_LANGUAGE_STANDARD = "gnu++17";
				CLANG_ENABLE_MODULES = YES;
				CLANG_ENABLE_OBJC_ARC = YES;
				CLANG_ENABLE_OBJC_WEAK = YES;
				CLANG_WARN_BLOCK_CAPTURE_AUTORELEASING = YES;
				CLANG_WARN_BOOL_CONVERSION = YES;
				CLANG_WARN_COMMA = YES;
				CLANG_WARN_CONSTANT_CONVERSION = YES;
				CLANG_WARN_DEPRECATED_OBJC_IMPLEMENTATIONS = YES;
				CLANG_WARN_DIRECT_OBJC_ISA_USAGE = YES_ERROR;
				CLANG_WARN_DOCUMENTATION_COMMENTS = YES;
				CLANG_WARN_EMPTY_BODY = YES;
				CLANG_WARN_ENUM_CONVERSION = YES;
				CLANG_WARN_INFINITE_RECURSION = YES;
				CLANG_WARN_INT_CONVERSION = YES;
				CLANG_WARN_NON_LITERAL_NULL_CONVERSION = YES;
				CLANG_WARN_OBJC_IMPLICIT_RETAIN_SELF = YES;
				CLANG_WARN_OBJC_LITERAL_CONVERSION = YES;
				CLANG_WARN_OBJC_ROOT_CLASS = YES_ERROR;
				CLANG_WARN_QUOTED_INCLUDE_IN_FRAMEWORK_HEADER = YES;
				CLANG_WARN_RANGE_LOOP_ANALYSIS = YES;
				CLANG_WARN_STRICT_PROTOTYPES = YES;
				CLANG_WARN_SUSPICIOUS_MOVE = YES;
				CLANG_WARN_UNGUARDED_AVAILABILITY = YES_AGGRESSIVE;
				CLANG_WARN_UNREACHABLE_CODE = YES;
				CLANG_WARN__DUPLICATE_METHOD_MATCH = YES;
				COPY_PHASE_STRIP = NO;
				DEBUG_INFORMATION_FORMAT = "dwarf-with-dsym";
				ENABLE_NS_ASSERTIONS = NO;
				ENABLE_STRICT_OBJC_MSGSEND = YES;
				GCC_C_LANGUAGE_STANDARD = gnu11;
				GCC_NO_COMMON_BLOCKS = YES;
				GCC_WARN_64_TO_32_BIT_CONVERSION = YES;
				GCC_WARN_ABOUT_RETURN_TYPE = YES_ERROR;
				GCC_WARN_UNDECLARED_SELECTOR = YES;
				GCC_WARN_UNINITIALIZED_AUTOS = YES_AGGRESSIVE;
				GCC_WARN_UNUSED_FUNCTION = YES;
				GCC_WARN_UNUSED_VARIABLE = YES;
				MTL_ENABLE_DEBUG_INFO = NO;
				MTL_FAST_MATH = YES;
				SDKROOT = appletvos;
				SWIFT_COMPILATION_MODE = wholemodule;
				SWIFT_OPTIMIZATION_LEVEL = "-O";
				TVOS_DEPLOYMENT_TARGET = 15.4;
				VALIDATE_PRODUCT = YES;
			};
			name = Release;
		};
		D292D6482EDF458300E8845A /* Debug */ = {
			isa = XCBuildConfiguration;
			buildSettings = {
				ASSETCATALOG_COMPILER_APPICON_NAME = "App Icon & Top Shelf Image";
				ASSETCATALOG_COMPILER_GLOBAL_ACCENT_COLOR_NAME = AccentColor;
				CODE_SIGN_STYLE = Automatic;
				CURRENT_PROJECT_VERSION = 1;
				DEVELOPMENT_ASSET_PATHS = "\"PrimeFlixPlus/Preview Content\"";
				ENABLE_PREVIEWS = YES;
				GENERATE_INFOPLIST_FILE = YES;
				INFOPLIST_FILE = PrimeFlixPlus/Info.plist;
				INFOPLIST_KEY_UILaunchScreen_Generation = YES;
				INFOPLIST_KEY_UIUserInterfaceStyle = Automatic;
				LD_RUNPATH_SEARCH_PATHS = (
					"$(inherited)",
					"@executable_path/Frameworks",
				);
				MARKETING_VERSION = 1.0;
				PRODUCT_BUNDLE_IDENTIFIER = App.PrimeFlixPlus;
				PRODUCT_NAME = "$(TARGET_NAME)";
				SWIFT_EMIT_LOC_STRINGS = YES;
				SWIFT_VERSION = 5.0;
				TARGETED_DEVICE_FAMILY = 3;
			};
			name = Debug;
		};
		D292D6492EDF458300E8845A /* Release */ = {
			isa = XCBuildConfiguration;
			buildSettings = {
				ASSETCATALOG_COMPILER_APPICON_NAME = "App Icon & Top Shelf Image";
				ASSETCATALOG_COMPILER_GLOBAL_ACCENT_COLOR_NAME = AccentColor;
				CODE_SIGN_STYLE = Automatic;
				CURRENT_PROJECT_VERSION = 1;
				DEVELOPMENT_ASSET_PATHS = "\"PrimeFlixPlus/Preview Content\"";
				ENABLE_PREVIEWS = YES;
				GENERATE_INFOPLIST_FILE = YES;
				INFOPLIST_FILE = PrimeFlixPlus/Info.plist;
				INFOPLIST_KEY_UILaunchScreen_Generation = YES;
				INFOPLIST_KEY_UIUserInterfaceStyle = Automatic;
				LD_RUNPATH_SEARCH_PATHS = (
					"$(inherited)",
					"@executable_path/Frameworks",
				);
				MARKETING_VERSION = 1.0;
				PRODUCT_BUNDLE_IDENTIFIER = App.PrimeFlixPlus;
				PRODUCT_NAME = "$(TARGET_NAME)";
				SWIFT_EMIT_LOC_STRINGS = YES;
				SWIFT_VERSION = 5.0;
				TARGETED_DEVICE_FAMILY = 3;
			};
			name = Release;
		};
		D292D64B2EDF458300E8845A /* Debug */ = {
			isa = XCBuildConfiguration;
			buildSettings = {
				ALWAYS_EMBED_SWIFT_STANDARD_LIBRARIES = YES;
				BUNDLE_LOADER = "$(TEST_HOST)";
				CODE_SIGN_STYLE = Automatic;
				CURRENT_PROJECT_VERSION = 1;
				GENERATE_INFOPLIST_FILE = YES;
				MARKETING_VERSION = 1.0;
				PRODUCT_BUNDLE_IDENTIFIER = App.PrimeFlixPlusTests;
				PRODUCT_NAME = "$(TARGET_NAME)";
				SWIFT_EMIT_LOC_STRINGS = NO;
				SWIFT_VERSION = 5.0;
				TARGETED_DEVICE_FAMILY = 3;
				TEST_HOST = "$(BUILT_PRODUCTS_DIR)/PrimeFlixPlus.app/PrimeFlixPlus";
				TVOS_DEPLOYMENT_TARGET = 15.4;
			};
			name = Debug;
		};
		D292D64C2EDF458300E8845A /* Release */ = {
			isa = XCBuildConfiguration;
			buildSettings = {
				ALWAYS_EMBED_SWIFT_STANDARD_LIBRARIES = YES;
				BUNDLE_LOADER = "$(TEST_HOST)";
				CODE_SIGN_STYLE = Automatic;
				CURRENT_PROJECT_VERSION = 1;
				GENERATE_INFOPLIST_FILE = YES;
				MARKETING_VERSION = 1.0;
				PRODUCT_BUNDLE_IDENTIFIER = App.PrimeFlixPlusTests;
				PRODUCT_NAME = "$(TARGET_NAME)";
				SWIFT_EMIT_LOC_STRINGS = NO;
				SWIFT_VERSION = 5.0;
				TARGETED_DEVICE_FAMILY = 3;
				TEST_HOST = "$(BUILT_PRODUCTS_DIR)/PrimeFlixPlus.app/PrimeFlixPlus";
				TVOS_DEPLOYMENT_TARGET = 15.4;
			};
			name = Release;
		};
		D292D64E2EDF458300E8845A /* Debug */ = {
			isa = XCBuildConfiguration;
			buildSettings = {
				ALWAYS_EMBED_SWIFT_STANDARD_LIBRARIES = YES;
				CODE_SIGN_STYLE = Automatic;
				CURRENT_PROJECT_VERSION = 1;
				GENERATE_INFOPLIST_FILE = YES;
				MARKETING_VERSION = 1.0;
				PRODUCT_BUNDLE_IDENTIFIER = App.PrimeFlixPlusUITests;
				PRODUCT_NAME = "$(TARGET_NAME)";
				SWIFT_EMIT_LOC_STRINGS = NO;
				SWIFT_VERSION = 5.0;
				TARGETED_DEVICE_FAMILY = 3;
				TEST_TARGET_NAME = PrimeFlixPlus;
			};
			name = Debug;
		};
		D292D64F2EDF458300E8845A /* Release */ = {
			isa = XCBuildConfiguration;
			buildSettings = {
				ALWAYS_EMBED_SWIFT_STANDARD_LIBRARIES = YES;
				CODE_SIGN_STYLE = Automatic;
				CURRENT_PROJECT_VERSION = 1;
				GENERATE_INFOPLIST_FILE = YES;
				MARKETING_VERSION = 1.0;
				PRODUCT_BUNDLE_IDENTIFIER = App.PrimeFlixPlusUITests;
				PRODUCT_NAME = "$(TARGET_NAME)";
				SWIFT_EMIT_LOC_STRINGS = NO;
				SWIFT_VERSION = 5.0;
				TARGETED_DEVICE_FAMILY = 3;
				TEST_TARGET_NAME = PrimeFlixPlus;
			};
			name = Release;
		};
/* End XCBuildConfiguration section */

/* Begin XCConfigurationList section */
		D292D61E2EDF458100E8845A /* Build configuration list for PBXProject "PrimeFlixPlus" */ = {
			isa = XCConfigurationList;
			buildConfigurations = (
				D292D6452EDF458300E8845A /* Debug */,
				D292D6462EDF458300E8845A /* Release */,
			);
			defaultConfigurationIsVisible = 0;
			defaultConfigurationName = Release;
		};
		D292D6472EDF458300E8845A /* Build configuration list for PBXNativeTarget "PrimeFlixPlus" */ = {
			isa = XCConfigurationList;
			buildConfigurations = (
				D292D6482EDF458300E8845A /* Debug */,
				D292D6492EDF458300E8845A /* Release */,
			);
			defaultConfigurationIsVisible = 0;
			defaultConfigurationName = Release;
		};
		D292D64A2EDF458300E8845A /* Build configuration list for PBXNativeTarget "PrimeFlixPlusTests" */ = {
			isa = XCConfigurationList;
			buildConfigurations = (
				D292D64B2EDF458300E8845A /* Debug */,
				D292D64C2EDF458300E8845A /* Release */,
			);
			defaultConfigurationIsVisible = 0;
			defaultConfigurationName = Release;
		};
		D292D64D2EDF458300E8845A /* Build configuration list for PBXNativeTarget "PrimeFlixPlusUITests" */ = {
			isa = XCConfigurationList;
			buildConfigurations = (
				D292D64E2EDF458300E8845A /* Debug */,
				D292D64F2EDF458300E8845A /* Release */,
			);
			defaultConfigurationIsVisible = 0;
			defaultConfigurationName = Release;
		};
/* End XCConfigurationList section */

/* Begin XCRemoteSwiftPackageReference section */
		D2AC8B182EE2775800D440C3 /* XCRemoteSwiftPackageReference "vlckit-spm" */ = {
			isa = XCRemoteSwiftPackageReference;
			repositoryURL = "https://github.com/tylerjonesio/vlckit-spm";
			requirement = {
				branch = main;
				kind = branch;
			};
		};
		D2AC8B192EE278F500D440C3 /* XCRemoteSwiftPackageReference "vlckit-spm" */ = {
			isa = XCRemoteSwiftPackageReference;
			repositoryURL = "https://github.com/tylerjonesio/vlckit-spm";
			requirement = {
				branch = main;
				kind = branch;
			};
		};
		D2AC8B1A2EE27A5200D440C3 /* XCRemoteSwiftPackageReference "vlckit-spm" */ = {
			isa = XCRemoteSwiftPackageReference;
			repositoryURL = "https://github.com/tylerjonesio/vlckit-spm";
			requirement = {
				branch = main;
				kind = branch;
			};
		};
/* End XCRemoteSwiftPackageReference section */
	};
	rootObject = D292D61B2EDF458100E8845A /* Project object */;
}
