// !$*UTF8*$!
{
	archiveVersion = 1;
	classes = {
	};
	objectVersion = 55;
	objects = {

/* Begin PBXBuildFile section */
		D228AD0B2EDF5A22007C6114 /* Persistence.swift in Sources */ = {isa = PBXBuildFile; fileRef = D228AD0A2EDF5A22007C6114 /* Persistence.swift */; };
		D228AD0F2EDF6061007C6114 /* IntermediateModels.swift in Sources */ = {isa = PBXBuildFile; fileRef = D228AD0E2EDF6061007C6114 /* IntermediateModels.swift */; };
		D228AD112EDF6682007C6114 /* AddPlaylistViewModel.swift in Sources */ = {isa = PBXBuildFile; fileRef = D228AD102EDF6682007C6114 /* AddPlaylistViewModel.swift */; };
		D228AD132EDF66A3007C6114 /* AddPlaylistView.swift in Sources */ = {isa = PBXBuildFile; fileRef = D228AD122EDF66A3007C6114 /* AddPlaylistView.swift */; };
		D228AD152EDF67FB007C6114 /* NeonTextField.swift in Sources */ = {isa = PBXBuildFile; fileRef = D228AD142EDF67FB007C6114 /* NeonTextField.swift */; };
		D228AD172EDF7311007C6114 /* SyncStatusOverlay.swift in Sources */ = {isa = PBXBuildFile; fileRef = D228AD162EDF7311007C6114 /* SyncStatusOverlay.swift */; };
		D228AD1B2EDF7952007C6114 /* UnsafeSession.swift in Sources */ = {isa = PBXBuildFile; fileRef = D228AD1A2EDF7952007C6114 /* UnsafeSession.swift */; };
		D228AD1D2EDFA8E3007C6114 /* DetailsViewModel.swift in Sources */ = {isa = PBXBuildFile; fileRef = D228AD1C2EDFA8E3007C6114 /* DetailsViewModel.swift */; };
		D228AD1F2EDFA961007C6114 /* DetailsView.swift in Sources */ = {isa = PBXBuildFile; fileRef = D228AD1E2EDFA961007C6114 /* DetailsView.swift */; };
		D292D6272EDF458100E8845A /* PrimeFlixPlusApp.swift in Sources */ = {isa = PBXBuildFile; fileRef = D292D6262EDF458100E8845A /* PrimeFlixPlusApp.swift */; };
		D292D6292EDF458100E8845A /* ContentView.swift in Sources */ = {isa = PBXBuildFile; fileRef = D292D6282EDF458100E8845A /* ContentView.swift */; };
		D292D62B2EDF458300E8845A /* Assets.xcassets in Resources */ = {isa = PBXBuildFile; fileRef = D292D62A2EDF458300E8845A /* Assets.xcassets */; };
		D292D62E2EDF458300E8845A /* Preview Assets.xcassets in Resources */ = {isa = PBXBuildFile; fileRef = D292D62D2EDF458300E8845A /* Preview Assets.xcassets */; };
		D292D6382EDF458300E8845A /* PrimeFlixPlusTests.swift in Sources */ = {isa = PBXBuildFile; fileRef = D292D6372EDF458300E8845A /* PrimeFlixPlusTests.swift */; };
		D292D6422EDF458300E8845A /* PrimeFlixPlusUITests.swift in Sources */ = {isa = PBXBuildFile; fileRef = D292D6412EDF458300E8845A /* PrimeFlixPlusUITests.swift */; };
		D292D6442EDF458300E8845A /* PrimeFlixPlusUITestsLaunchTests.swift in Sources */ = {isa = PBXBuildFile; fileRef = D292D6432EDF458300E8845A /* PrimeFlixPlusUITestsLaunchTests.swift */; };
		D292D6522EDF45C000E8845A /* DataSource.swift in Sources */ = {isa = PBXBuildFile; fileRef = D292D6512EDF45C000E8845A /* DataSource.swift */; };
		D292D6542EDF45FE00E8845A /* XtreamModels.swift in Sources */ = {isa = PBXBuildFile; fileRef = D292D6532EDF45FE00E8845A /* XtreamModels.swift */; };
		D292D6562EDF464100E8845A /* XtreamInput.swift in Sources */ = {isa = PBXBuildFile; fileRef = D292D6552EDF464100E8845A /* XtreamInput.swift */; };
		D292D6582EDF46CF00E8845A /* Playlist.swift in Sources */ = {isa = PBXBuildFile; fileRef = D292D6572EDF46CF00E8845A /* Playlist.swift */; };
		D292D65A2EDF46EA00E8845A /* WatchProgress.swift in Sources */ = {isa = PBXBuildFile; fileRef = D292D6592EDF46EA00E8845A /* WatchProgress.swift */; };
		D292D65C2EDF470300E8845A /* MediaMetadata.swift in Sources */ = {isa = PBXBuildFile; fileRef = D292D65B2EDF470300E8845A /* MediaMetadata.swift */; };
		D292D65E2EDF47D500E8845A /* TitleNormalizer.swift in Sources */ = {isa = PBXBuildFile; fileRef = D292D65D2EDF47D500E8845A /* TitleNormalizer.swift */; };
		D292D6602EDF492100E8845A /* Channel.swift in Sources */ = {isa = PBXBuildFile; fileRef = D292D65F2EDF492100E8845A /* Channel.swift */; };
		D292D6622EDF494900E8845A /* ChannelRepository.swift in Sources */ = {isa = PBXBuildFile; fileRef = D292D6612EDF494900E8845A /* ChannelRepository.swift */; };
		D292D6642EDF49C900E8845A /* Programme.swift in Sources */ = {isa = PBXBuildFile; fileRef = D292D6632EDF49C900E8845A /* Programme.swift */; };
		D292D6672EDF4A0800E8845A /* M3UParser.swift in Sources */ = {isa = PBXBuildFile; fileRef = D292D6662EDF4A0800E8845A /* M3UParser.swift */; };
		D292D6692EDF4A4600E8845A /* M3UData.swift in Sources */ = {isa = PBXBuildFile; fileRef = D292D6682EDF4A4600E8845A /* M3UData.swift */; };
		D292D66C2EDF4B0500E8845A /* TmdbClient.swift in Sources */ = {isa = PBXBuildFile; fileRef = D292D66B2EDF4B0500E8845A /* TmdbClient.swift */; };
		D292D66F2EDF4B4100E8845A /* PrimeFlixRepository.swift in Sources */ = {isa = PBXBuildFile; fileRef = D292D66E2EDF4B4100E8845A /* PrimeFlixRepository.swift */; };
		D292D6722EDF4B7B00E8845A /* HomeViewModel.swift in Sources */ = {isa = PBXBuildFile; fileRef = D292D6712EDF4B7B00E8845A /* HomeViewModel.swift */; };
		D292D6752EDF4C1800E8845A /* MovieCard.swift in Sources */ = {isa = PBXBuildFile; fileRef = D292D6742EDF4C1800E8845A /* MovieCard.swift */; };
		D292D6772EDF4C3300E8845A /* HomeComponents.swift in Sources */ = {isa = PBXBuildFile; fileRef = D292D6762EDF4C3300E8845A /* HomeComponents.swift */; };
		D292D6792EDF4C5800E8845A /* XtreamClient.swift in Sources */ = {isa = PBXBuildFile; fileRef = D292D6782EDF4C5800E8845A /* XtreamClient.swift */; };
		D292D67C2EDF4D9E00E8845A /* HomeView.swift in Sources */ = {isa = PBXBuildFile; fileRef = D292D67B2EDF4D9E00E8845A /* HomeView.swift */; };
		D292D67E2EDF568C00E8845A /* SettingsViewModel.swift in Sources */ = {isa = PBXBuildFile; fileRef = D292D67D2EDF568C00E8845A /* SettingsViewModel.swift */; };
		D292D6802EDF56AF00E8845A /* SettingsView.swift in Sources */ = {isa = PBXBuildFile; fileRef = D292D67F2EDF56AF00E8845A /* SettingsView.swift */; };
		D292D6822EDF573F00E8845A /* PlayerViewModel.swift in Sources */ = {isa = PBXBuildFile; fileRef = D292D6812EDF573F00E8845A /* PlayerViewModel.swift */; };
		D292D6842EDF576500E8845A /* PlayerView.swift in Sources */ = {isa = PBXBuildFile; fileRef = D292D6832EDF576500E8845A /* PlayerView.swift */; };
/* End PBXBuildFile section */

/* Begin PBXContainerItemProxy section */
		D292D6342EDF458300E8845A /* PBXContainerItemProxy */ = {
			isa = PBXContainerItemProxy;
			containerPortal = D292D61B2EDF458100E8845A /* Project object */;
			proxyType = 1;
			remoteGlobalIDString = D292D6222EDF458100E8845A;
			remoteInfo = PrimeFlixPlus;
		};
		D292D63E2EDF458300E8845A /* PBXContainerItemProxy */ = {
			isa = PBXContainerItemProxy;
			containerPortal = D292D61B2EDF458100E8845A /* Project object */;
			proxyType = 1;
			remoteGlobalIDString = D292D6222EDF458100E8845A;
			remoteInfo = PrimeFlixPlus;
		};
/* End PBXContainerItemProxy section */

/* Begin PBXFileReference section */
		D228AD0A2EDF5A22007C6114 /* Persistence.swift */ = {isa = PBXFileReference; lastKnownFileType = sourcecode.swift; path = Persistence.swift; sourceTree = "<group>"; };
		D228AD0C2EDF5C99007C6114 /* Info.plist */ = {isa = PBXFileReference; lastKnownFileType = text.plist.xml; path = Info.plist; sourceTree = "<group>"; };
		D228AD0E2EDF6061007C6114 /* IntermediateModels.swift */ = {isa = PBXFileReference; lastKnownFileType = sourcecode.swift; path = IntermediateModels.swift; sourceTree = "<group>"; };
		D228AD102EDF6682007C6114 /* AddPlaylistViewModel.swift */ = {isa = PBXFileReference; lastKnownFileType = sourcecode.swift; path = AddPlaylistViewModel.swift; sourceTree = "<group>"; };
		D228AD122EDF66A3007C6114 /* AddPlaylistView.swift */ = {isa = PBXFileReference; lastKnownFileType = sourcecode.swift; path = AddPlaylistView.swift; sourceTree = "<group>"; };
		D228AD142EDF67FB007C6114 /* NeonTextField.swift */ = {isa = PBXFileReference; lastKnownFileType = sourcecode.swift; path = NeonTextField.swift; sourceTree = "<group>"; };
		D228AD162EDF7311007C6114 /* SyncStatusOverlay.swift */ = {isa = PBXFileReference; lastKnownFileType = sourcecode.swift; path = SyncStatusOverlay.swift; sourceTree = "<group>"; };
		D228AD182EDF7430007C6114 /* PrimeFlixPlus */ = {isa = PBXFileReference; lastKnownFileType = folder; path = PrimeFlixPlus; sourceTree = "<group>"; };
		D228AD1A2EDF7952007C6114 /* UnsafeSession.swift */ = {isa = PBXFileReference; lastKnownFileType = sourcecode.swift; path = UnsafeSession.swift; sourceTree = "<group>"; };
		D228AD1C2EDFA8E3007C6114 /* DetailsViewModel.swift */ = {isa = PBXFileReference; lastKnownFileType = sourcecode.swift; path = DetailsViewModel.swift; sourceTree = "<group>"; };
		D228AD1E2EDFA961007C6114 /* DetailsView.swift */ = {isa = PBXFileReference; lastKnownFileType = sourcecode.swift; path = DetailsView.swift; sourceTree = "<group>"; };
		D292D6232EDF458100E8845A /* PrimeFlixPlus.app */ = {isa = PBXFileReference; explicitFileType = wrapper.application; includeInIndex = 0; path = PrimeFlixPlus.app; sourceTree = BUILT_PRODUCTS_DIR; };
		D292D6262EDF458100E8845A /* PrimeFlixPlusApp.swift */ = {isa = PBXFileReference; lastKnownFileType = sourcecode.swift; path = PrimeFlixPlusApp.swift; sourceTree = "<group>"; };
		D292D6282EDF458100E8845A /* ContentView.swift */ = {isa = PBXFileReference; lastKnownFileType = sourcecode.swift; path = ContentView.swift; sourceTree = "<group>"; };
		D292D62A2EDF458300E8845A /* Assets.xcassets */ = {isa = PBXFileReference; lastKnownFileType = folder.assetcatalog; path = Assets.xcassets; sourceTree = "<group>"; };
		D292D62D2EDF458300E8845A /* Preview Assets.xcassets */ = {isa = PBXFileReference; lastKnownFileType = folder.assetcatalog; path = "Preview Assets.xcassets"; sourceTree = "<group>"; };
		D292D6332EDF458300E8845A /* PrimeFlixPlusTests.xctest */ = {isa = PBXFileReference; explicitFileType = wrapper.cfbundle; includeInIndex = 0; path = PrimeFlixPlusTests.xctest; sourceTree = BUILT_PRODUCTS_DIR; };
		D292D6372EDF458300E8845A /* PrimeFlixPlusTests.swift */ = {isa = PBXFileReference; lastKnownFileType = sourcecode.swift; path = PrimeFlixPlusTests.swift; sourceTree = "<group>"; };
		D292D63D2EDF458300E8845A /* PrimeFlixPlusUITests.xctest */ = {isa = PBXFileReference; explicitFileType = wrapper.cfbundle; includeInIndex = 0; path = PrimeFlixPlusUITests.xctest; sourceTree = BUILT_PRODUCTS_DIR; };
		D292D6412EDF458300E8845A /* PrimeFlixPlusUITests.swift */ = {isa = PBXFileReference; lastKnownFileType = sourcecode.swift; path = PrimeFlixPlusUITests.swift; sourceTree = "<group>"; };
		D292D6432EDF458300E8845A /* PrimeFlixPlusUITestsLaunchTests.swift */ = {isa = PBXFileReference; lastKnownFileType = sourcecode.swift; path = PrimeFlixPlusUITestsLaunchTests.swift; sourceTree = "<group>"; };
		D292D6512EDF45C000E8845A /* DataSource.swift */ = {isa = PBXFileReference; lastKnownFileType = sourcecode.swift; path = DataSource.swift; sourceTree = "<group>"; };
		D292D6532EDF45FE00E8845A /* XtreamModels.swift */ = {isa = PBXFileReference; lastKnownFileType = sourcecode.swift; path = XtreamModels.swift; sourceTree = "<group>"; };
		D292D6552EDF464100E8845A /* XtreamInput.swift */ = {isa = PBXFileReference; lastKnownFileType = sourcecode.swift; path = XtreamInput.swift; sourceTree = "<group>"; };
		D292D6572EDF46CF00E8845A /* Playlist.swift */ = {isa = PBXFileReference; lastKnownFileType = sourcecode.swift; path = Playlist.swift; sourceTree = "<group>"; };
		D292D6592EDF46EA00E8845A /* WatchProgress.swift */ = {isa = PBXFileReference; lastKnownFileType = sourcecode.swift; path = WatchProgress.swift; sourceTree = "<group>"; };
		D292D65B2EDF470300E8845A /* MediaMetadata.swift */ = {isa = PBXFileReference; lastKnownFileType = sourcecode.swift; path = MediaMetadata.swift; sourceTree = "<group>"; };
		D292D65D2EDF47D500E8845A /* TitleNormalizer.swift */ = {isa = PBXFileReference; lastKnownFileType = sourcecode.swift; path = TitleNormalizer.swift; sourceTree = "<group>"; };
		D292D65F2EDF492100E8845A /* Channel.swift */ = {isa = PBXFileReference; lastKnownFileType = sourcecode.swift; path = Channel.swift; sourceTree = "<group>"; };
		D292D6612EDF494900E8845A /* ChannelRepository.swift */ = {isa = PBXFileReference; lastKnownFileType = sourcecode.swift; path = ChannelRepository.swift; sourceTree = "<group>"; };
		D292D6632EDF49C900E8845A /* Programme.swift */ = {isa = PBXFileReference; lastKnownFileType = sourcecode.swift; path = Programme.swift; sourceTree = "<group>"; };
		D292D6662EDF4A0800E8845A /* M3UParser.swift */ = {isa = PBXFileReference; lastKnownFileType = sourcecode.swift; path = M3UParser.swift; sourceTree = "<group>"; };
		D292D6682EDF4A4600E8845A /* M3UData.swift */ = {isa = PBXFileReference; lastKnownFileType = sourcecode.swift; path = M3UData.swift; sourceTree = "<group>"; };
		D292D66B2EDF4B0500E8845A /* TmdbClient.swift */ = {isa = PBXFileReference; lastKnownFileType = sourcecode.swift; path = TmdbClient.swift; sourceTree = "<group>"; };
		D292D66E2EDF4B4100E8845A /* PrimeFlixRepository.swift */ = {isa = PBXFileReference; lastKnownFileType = sourcecode.swift; path = PrimeFlixRepository.swift; sourceTree = "<group>"; };
		D292D6712EDF4B7B00E8845A /* HomeViewModel.swift */ = {isa = PBXFileReference; lastKnownFileType = sourcecode.swift; path = HomeViewModel.swift; sourceTree = "<group>"; };
		D292D6742EDF4C1800E8845A /* MovieCard.swift */ = {isa = PBXFileReference; lastKnownFileType = sourcecode.swift; path = MovieCard.swift; sourceTree = "<group>"; };
		D292D6762EDF4C3300E8845A /* HomeComponents.swift */ = {isa = PBXFileReference; lastKnownFileType = sourcecode.swift; path = HomeComponents.swift; sourceTree = "<group>"; };
		D292D6782EDF4C5800E8845A /* XtreamClient.swift */ = {isa = PBXFileReference; lastKnownFileType = sourcecode.swift; path = XtreamClient.swift; sourceTree = "<group>"; };
		D292D67B2EDF4D9E00E8845A /* HomeView.swift */ = {isa = PBXFileReference; lastKnownFileType = sourcecode.swift; path = HomeView.swift; sourceTree = "<group>"; };
		D292D67D2EDF568C00E8845A /* SettingsViewModel.swift */ = {isa = PBXFileReference; lastKnownFileType = sourcecode.swift; path = SettingsViewModel.swift; sourceTree = "<group>"; };
		D292D67F2EDF56AF00E8845A /* SettingsView.swift */ = {isa = PBXFileReference; lastKnownFileType = sourcecode.swift; path = SettingsView.swift; sourceTree = "<group>"; };
		D292D6812EDF573F00E8845A /* PlayerViewModel.swift */ = {isa = PBXFileReference; lastKnownFileType = sourcecode.swift; path = PlayerViewModel.swift; sourceTree = "<group>"; };
		D292D6832EDF576500E8845A /* PlayerView.swift */ = {isa = PBXFileReference; lastKnownFileType = sourcecode.swift; path = PlayerView.swift; sourceTree = "<group>"; };
/* End PBXFileReference section */

/* Begin PBXFrameworksBuildPhase section */
		D292D6202EDF458100E8845A /* Frameworks */ = {
			isa = PBXFrameworksBuildPhase;
			buildActionMask = 2147483647;
			files = (
			);
			runOnlyForDeploymentPostprocessing = 0;
		};
		D292D6302EDF458300E8845A /* Frameworks */ = {
			isa = PBXFrameworksBuildPhase;
			buildActionMask = 2147483647;
			files = (
			);
			runOnlyForDeploymentPostprocessing = 0;
		};
		D292D63A2EDF458300E8845A /* Frameworks */ = {
			isa = PBXFrameworksBuildPhase;
			buildActionMask = 2147483647;
			files = (
			);
			runOnlyForDeploymentPostprocessing = 0;
		};
/* End PBXFrameworksBuildPhase section */

/* Begin PBXGroup section */
		D292D61A2EDF458100E8845A = {
			isa = PBXGroup;
			children = (
				D292D6252EDF458100E8845A /* PrimeFlixPlus */,
				D228AD182EDF7430007C6114 /* PrimeFlixPlus */,
				D292D6362EDF458300E8845A /* PrimeFlixPlusTests */,
				D292D6402EDF458300E8845A /* PrimeFlixPlusUITests */,
				D292D6242EDF458100E8845A /* Products */,
			);
			sourceTree = "<group>";
		};
		D292D6242EDF458100E8845A /* Products */ = {
			isa = PBXGroup;
			children = (
				D292D6232EDF458100E8845A /* PrimeFlixPlus.app */,
				D292D6332EDF458300E8845A /* PrimeFlixPlusTests.xctest */,
				D292D63D2EDF458300E8845A /* PrimeFlixPlusUITests.xctest */,
			);
			name = Products;
			sourceTree = "<group>";
		};
		D292D6252EDF458100E8845A /* PrimeFlixPlus */ = {
			isa = PBXGroup;
			children = (
				D292D67A2EDF4D9100E8845A /* UI */,
				D292D6732EDF4C0900E8845A /* Components */,
				D292D6702EDF4B6600E8845A /* ViewModels */,
				D292D66D2EDF4B2E00E8845A /* Repositories */,
				D292D66A2EDF4AF300E8845A /* Network */,
				D292D6652EDF49EF00E8845A /* Parsers */,
				D292D6502EDF459B00E8845A /* Models */,
				D292D6262EDF458100E8845A /* PrimeFlixPlusApp.swift */,
				D292D6282EDF458100E8845A /* ContentView.swift */,
				D292D62A2EDF458300E8845A /* Assets.xcassets */,
				D292D62C2EDF458300E8845A /* Preview Content */,
				D228AD0C2EDF5C99007C6114 /* Info.plist */,
			);
			path = PrimeFlixPlus;
			sourceTree = "<group>";
		};
		D292D62C2EDF458300E8845A /* Preview Content */ = {
			isa = PBXGroup;
			children = (
				D292D62D2EDF458300E8845A /* Preview Assets.xcassets */,
			);
			path = "Preview Content";
			sourceTree = "<group>";
		};
		D292D6362EDF458300E8845A /* PrimeFlixPlusTests */ = {
			isa = PBXGroup;
			children = (
				D292D6372EDF458300E8845A /* PrimeFlixPlusTests.swift */,
			);
			path = PrimeFlixPlusTests;
			sourceTree = "<group>";
		};
		D292D6402EDF458300E8845A /* PrimeFlixPlusUITests */ = {
			isa = PBXGroup;
			children = (
				D292D6412EDF458300E8845A /* PrimeFlixPlusUITests.swift */,
				D292D6432EDF458300E8845A /* PrimeFlixPlusUITestsLaunchTests.swift */,
			);
			path = PrimeFlixPlusUITests;
			sourceTree = "<group>";
		};
		D292D6502EDF459B00E8845A /* Models */ = {
			isa = PBXGroup;
			children = (
				D292D6512EDF45C000E8845A /* DataSource.swift */,
				D292D6532EDF45FE00E8845A /* XtreamModels.swift */,
				D292D6552EDF464100E8845A /* XtreamInput.swift */,
				D292D6572EDF46CF00E8845A /* Playlist.swift */,
				D292D6592EDF46EA00E8845A /* WatchProgress.swift */,
				D292D65B2EDF470300E8845A /* MediaMetadata.swift */,
				D292D65D2EDF47D500E8845A /* TitleNormalizer.swift */,
				D292D65F2EDF492100E8845A /* Channel.swift */,
				D292D6612EDF494900E8845A /* ChannelRepository.swift */,
				D292D6632EDF49C900E8845A /* Programme.swift */,
				D228AD0A2EDF5A22007C6114 /* Persistence.swift */,
				D228AD0E2EDF6061007C6114 /* IntermediateModels.swift */,
			);
			path = Models;
			sourceTree = "<group>";
		};
		D292D6652EDF49EF00E8845A /* Parsers */ = {
			isa = PBXGroup;
			children = (
				D292D6662EDF4A0800E8845A /* M3UParser.swift */,
				D292D6682EDF4A4600E8845A /* M3UData.swift */,
			);
			path = Parsers;
			sourceTree = "<group>";
		};
		D292D66A2EDF4AF300E8845A /* Network */ = {
			isa = PBXGroup;
			children = (
				D292D66B2EDF4B0500E8845A /* TmdbClient.swift */,
				D292D6782EDF4C5800E8845A /* XtreamClient.swift */,
				D228AD1A2EDF7952007C6114 /* UnsafeSession.swift */,
			);
			path = Network;
			sourceTree = "<group>";
		};
		D292D66D2EDF4B2E00E8845A /* Repositories */ = {
			isa = PBXGroup;
			children = (
				D292D66E2EDF4B4100E8845A /* PrimeFlixRepository.swift */,
			);
			path = Repositories;
			sourceTree = "<group>";
		};
		D292D6702EDF4B6600E8845A /* ViewModels */ = {
			isa = PBXGroup;
			children = (
				D292D6712EDF4B7B00E8845A /* HomeViewModel.swift */,
				D292D67D2EDF568C00E8845A /* SettingsViewModel.swift */,
				D292D6812EDF573F00E8845A /* PlayerViewModel.swift */,
				D228AD102EDF6682007C6114 /* AddPlaylistViewModel.swift */,
				D228AD1C2EDFA8E3007C6114 /* DetailsViewModel.swift */,
			);
			path = ViewModels;
			sourceTree = "<group>";
		};
		D292D6732EDF4C0900E8845A /* Components */ = {
			isa = PBXGroup;
			children = (
				D292D6742EDF4C1800E8845A /* MovieCard.swift */,
				D292D6762EDF4C3300E8845A /* HomeComponents.swift */,
			);
			path = Components;
			sourceTree = "<group>";
		};
		D292D67A2EDF4D9100E8845A /* UI */ = {
			isa = PBXGroup;
			children = (
				D292D67B2EDF4D9E00E8845A /* HomeView.swift */,
				D292D67F2EDF56AF00E8845A /* SettingsView.swift */,
				D292D6832EDF576500E8845A /* PlayerView.swift */,
				D228AD122EDF66A3007C6114 /* AddPlaylistView.swift */,
				D228AD142EDF67FB007C6114 /* NeonTextField.swift */,
				D228AD162EDF7311007C6114 /* SyncStatusOverlay.swift */,
				D228AD1E2EDFA961007C6114 /* DetailsView.swift */,
			);
			path = UI;
			sourceTree = "<group>";
		};
/* End PBXGroup section */

/* Begin PBXNativeTarget section */
		D292D6222EDF458100E8845A /* PrimeFlixPlus */ = {
			isa = PBXNativeTarget;
			buildConfigurationList = D292D6472EDF458300E8845A /* Build configuration list for PBXNativeTarget "PrimeFlixPlus" */;
			buildPhases = (
				D292D61F2EDF458100E8845A /* Sources */,
				D292D6202EDF458100E8845A /* Frameworks */,
				D292D6212EDF458100E8845A /* Resources */,
			);
			buildRules = (
			);
			dependencies = (
			);
			name = PrimeFlixPlus;
			productName = PrimeFlixPlus;
			productReference = D292D6232EDF458100E8845A /* PrimeFlixPlus.app */;
			productType = "com.apple.product-type.application";
		};
		D292D6322EDF458300E8845A /* PrimeFlixPlusTests */ = {
			isa = PBXNativeTarget;
			buildConfigurationList = D292D64A2EDF458300E8845A /* Build configuration list for PBXNativeTarget "PrimeFlixPlusTests" */;
			buildPhases = (
				D292D62F2EDF458300E8845A /* Sources */,
				D292D6302EDF458300E8845A /* Frameworks */,
				D292D6312EDF458300E8845A /* Resources */,
			);
			buildRules = (
			);
			dependencies = (
				D292D6352EDF458300E8845A /* PBXTargetDependency */,
			);
			name = PrimeFlixPlusTests;
			productName = PrimeFlixPlusTests;
			productReference = D292D6332EDF458300E8845A /* PrimeFlixPlusTests.xctest */;
			productType = "com.apple.product-type.bundle.unit-test";
		};
		D292D63C2EDF458300E8845A /* PrimeFlixPlusUITests */ = {
			isa = PBXNativeTarget;
			buildConfigurationList = D292D64D2EDF458300E8845A /* Build configuration list for PBXNativeTarget "PrimeFlixPlusUITests" */;
			buildPhases = (
				D292D6392EDF458300E8845A /* Sources */,
				D292D63A2EDF458300E8845A /* Frameworks */,
				D292D63B2EDF458300E8845A /* Resources */,
			);
			buildRules = (
			);
			dependencies = (
				D292D63F2EDF458300E8845A /* PBXTargetDependency */,
			);
			name = PrimeFlixPlusUITests;
			productName = PrimeFlixPlusUITests;
			productReference = D292D63D2EDF458300E8845A /* PrimeFlixPlusUITests.xctest */;
			productType = "com.apple.product-type.bundle.ui-testing";
		};
/* End PBXNativeTarget section */

/* Begin PBXProject section */
		D292D61B2EDF458100E8845A /* Project object */ = {
			isa = PBXProject;
			attributes = {
				BuildIndependentTargetsInParallel = 1;
				LastSwiftUpdateCheck = 1340;
				LastUpgradeCheck = 1340;
				TargetAttributes = {
					D292D6222EDF458100E8845A = {
						CreatedOnToolsVersion = 13.4.1;
					};
					D292D6322EDF458300E8845A = {
						CreatedOnToolsVersion = 13.4.1;
						TestTargetID = D292D6222EDF458100E8845A;
					};
					D292D63C2EDF458300E8845A = {
						CreatedOnToolsVersion = 13.4.1;
						TestTargetID = D292D6222EDF458100E8845A;
					};
				};
			};
			buildConfigurationList = D292D61E2EDF458100E8845A /* Build configuration list for PBXProject "PrimeFlixPlus" */;
			compatibilityVersion = "Xcode 13.0";
			developmentRegion = en;
			hasScannedForEncodings = 0;
			knownRegions = (
				en,
				Base,
			);
			mainGroup = D292D61A2EDF458100E8845A;
			productRefGroup = D292D6242EDF458100E8845A /* Products */;
			projectDirPath = "";
			projectRoot = "";
			targets = (
				D292D6222EDF458100E8845A /* PrimeFlixPlus */,
				D292D6322EDF458300E8845A /* PrimeFlixPlusTests */,
				D292D63C2EDF458300E8845A /* PrimeFlixPlusUITests */,
			);
		};
/* End PBXProject section */

/* Begin PBXResourcesBuildPhase section */
		D292D6212EDF458100E8845A /* Resources */ = {
			isa = PBXResourcesBuildPhase;
			buildActionMask = 2147483647;
			files = (
				D292D62E2EDF458300E8845A /* Preview Assets.xcassets in Resources */,
				D292D62B2EDF458300E8845A /* Assets.xcassets in Resources */,
			);
			runOnlyForDeploymentPostprocessing = 0;
		};
		D292D6312EDF458300E8845A /* Resources */ = {
			isa = PBXResourcesBuildPhase;
			buildActionMask = 2147483647;
			files = (
			);
			runOnlyForDeploymentPostprocessing = 0;
		};
		D292D63B2EDF458300E8845A /* Resources */ = {
			isa = PBXResourcesBuildPhase;
			buildActionMask = 2147483647;
			files = (
			);
			runOnlyForDeploymentPostprocessing = 0;
		};
/* End PBXResourcesBuildPhase section */

/* Begin PBXSourcesBuildPhase section */
		D292D61F2EDF458100E8845A /* Sources */ = {
			isa = PBXSourcesBuildPhase;
			buildActionMask = 2147483647;
			files = (
				D292D6722EDF4B7B00E8845A /* HomeViewModel.swift in Sources */,
				D292D6802EDF56AF00E8845A /* SettingsView.swift in Sources */,
				D228AD132EDF66A3007C6114 /* AddPlaylistView.swift in Sources */,
				D292D6772EDF4C3300E8845A /* HomeComponents.swift in Sources */,
				D292D6642EDF49C900E8845A /* Programme.swift in Sources */,
				D292D6522EDF45C000E8845A /* DataSource.swift in Sources */,
				D292D6602EDF492100E8845A /* Channel.swift in Sources */,
				D292D6292EDF458100E8845A /* ContentView.swift in Sources */,
				D228AD0B2EDF5A22007C6114 /* Persistence.swift in Sources */,
				D292D66F2EDF4B4100E8845A /* PrimeFlixRepository.swift in Sources */,
				D292D6842EDF576500E8845A /* PlayerView.swift in Sources */,
				D292D6562EDF464100E8845A /* XtreamInput.swift in Sources */,
				D292D6822EDF573F00E8845A /* PlayerViewModel.swift in Sources */,
				D228AD112EDF6682007C6114 /* AddPlaylistViewModel.swift in Sources */,
				D292D6672EDF4A0800E8845A /* M3UParser.swift in Sources */,
				D292D6792EDF4C5800E8845A /* XtreamClient.swift in Sources */,
				D292D6752EDF4C1800E8845A /* MovieCard.swift in Sources */,
				D292D65A2EDF46EA00E8845A /* WatchProgress.swift in Sources */,
				D292D6542EDF45FE00E8845A /* XtreamModels.swift in Sources */,
				D228AD172EDF7311007C6114 /* SyncStatusOverlay.swift in Sources */,
				D228AD1B2EDF7952007C6114 /* UnsafeSession.swift in Sources */,
				D228AD152EDF67FB007C6114 /* NeonTextField.swift in Sources */,
				D292D6622EDF494900E8845A /* ChannelRepository.swift in Sources */,
				D228AD0F2EDF6061007C6114 /* IntermediateModels.swift in Sources */,
				D292D6692EDF4A4600E8845A /* M3UData.swift in Sources */,
				D292D67C2EDF4D9E00E8845A /* HomeView.swift in Sources */,
				D292D6272EDF458100E8845A /* PrimeFlixPlusApp.swift in Sources */,
				D292D6582EDF46CF00E8845A /* Playlist.swift in Sources */,
				D292D65E2EDF47D500E8845A /* TitleNormalizer.swift in Sources */,
				D228AD1D2EDFA8E3007C6114 /* DetailsViewModel.swift in Sources */,
				D292D67E2EDF568C00E8845A /* SettingsViewModel.swift in Sources */,
				D228AD1F2EDFA961007C6114 /* DetailsView.swift in Sources */,
				D292D65C2EDF470300E8845A /* MediaMetadata.swift in Sources */,
				D292D66C2EDF4B0500E8845A /* TmdbClient.swift in Sources */,
			);
			runOnlyForDeploymentPostprocessing = 0;
		};
		D292D62F2EDF458300E8845A /* Sources */ = {
			isa = PBXSourcesBuildPhase;
			buildActionMask = 2147483647;
			files = (
				D292D6382EDF458300E8845A /* PrimeFlixPlusTests.swift in Sources */,
			);
			runOnlyForDeploymentPostprocessing = 0;
		};
		D292D6392EDF458300E8845A /* Sources */ = {
			isa = PBXSourcesBuildPhase;
			buildActionMask = 2147483647;
			files = (
				D292D6422EDF458300E8845A /* PrimeFlixPlusUITests.swift in Sources */,
				D292D6442EDF458300E8845A /* PrimeFlixPlusUITestsLaunchTests.swift in Sources */,
			);
			runOnlyForDeploymentPostprocessing = 0;
		};
/* End PBXSourcesBuildPhase section */

/* Begin PBXTargetDependency section */
		D292D6352EDF458300E8845A /* PBXTargetDependency */ = {
			isa = PBXTargetDependency;
			target = D292D6222EDF458100E8845A /* PrimeFlixPlus */;
			targetProxy = D292D6342EDF458300E8845A /* PBXContainerItemProxy */;
		};
		D292D63F2EDF458300E8845A /* PBXTargetDependency */ = {
			isa = PBXTargetDependency;
			target = D292D6222EDF458100E8845A /* PrimeFlixPlus */;
			targetProxy = D292D63E2EDF458300E8845A /* PBXContainerItemProxy */;
		};
/* End PBXTargetDependency section */

/* Begin XCBuildConfiguration section */
		D292D6452EDF458300E8845A /* Debug */ = {
			isa = XCBuildConfiguration;
			buildSettings = {
				ALWAYS_SEARCH_USER_PATHS = NO;
				CLANG_ANALYZER_NONNULL = YES;
				CLANG_ANALYZER_NUMBER_OBJECT_CONVERSION = YES_AGGRESSIVE;
				CLANG_CXX_LANGUAGE_STANDARD = "gnu++17";
				CLANG_ENABLE_MODULES = YES;
				CLANG_ENABLE_OBJC_ARC = YES;
				CLANG_ENABLE_OBJC_WEAK = YES;
				CLANG_WARN_BLOCK_CAPTURE_AUTORELEASING = YES;
				CLANG_WARN_BOOL_CONVERSION = YES;
				CLANG_WARN_COMMA = YES;
				CLANG_WARN_CONSTANT_CONVERSION = YES;
				CLANG_WARN_DEPRECATED_OBJC_IMPLEMENTATIONS = YES;
				CLANG_WARN_DIRECT_OBJC_ISA_USAGE = YES_ERROR;
				CLANG_WARN_DOCUMENTATION_COMMENTS = YES;
				CLANG_WARN_EMPTY_BODY = YES;
				CLANG_WARN_ENUM_CONVERSION = YES;
				CLANG_WARN_INFINITE_RECURSION = YES;
				CLANG_WARN_INT_CONVERSION = YES;
				CLANG_WARN_NON_LITERAL_NULL_CONVERSION = YES;
				CLANG_WARN_OBJC_IMPLICIT_RETAIN_SELF = YES;
				CLANG_WARN_OBJC_LITERAL_CONVERSION = YES;
				CLANG_WARN_OBJC_ROOT_CLASS = YES_ERROR;
				CLANG_WARN_QUOTED_INCLUDE_IN_FRAMEWORK_HEADER = YES;
				CLANG_WARN_RANGE_LOOP_ANALYSIS = YES;
				CLANG_WARN_STRICT_PROTOTYPES = YES;
				CLANG_WARN_SUSPICIOUS_MOVE = YES;
				CLANG_WARN_UNGUARDED_AVAILABILITY = YES_AGGRESSIVE;
				CLANG_WARN_UNREACHABLE_CODE = YES;
				CLANG_WARN__DUPLICATE_METHOD_MATCH = YES;
				COPY_PHASE_STRIP = NO;
				DEBUG_INFORMATION_FORMAT = dwarf;
				ENABLE_STRICT_OBJC_MSGSEND = YES;
				ENABLE_TESTABILITY = YES;
				GCC_C_LANGUAGE_STANDARD = gnu11;
				GCC_DYNAMIC_NO_PIC = NO;
				GCC_NO_COMMON_BLOCKS = YES;
				GCC_OPTIMIZATION_LEVEL = 0;
				GCC_PREPROCESSOR_DEFINITIONS = (
					"DEBUG=1",
					"$(inherited)",
				);
				GCC_WARN_64_TO_32_BIT_CONVERSION = YES;
				GCC_WARN_ABOUT_RETURN_TYPE = YES_ERROR;
				GCC_WARN_UNDECLARED_SELECTOR = YES;
				GCC_WARN_UNINITIALIZED_AUTOS = YES_AGGRESSIVE;
				GCC_WARN_UNUSED_FUNCTION = YES;
				GCC_WARN_UNUSED_VARIABLE = YES;
				MTL_ENABLE_DEBUG_INFO = INCLUDE_SOURCE;
				MTL_FAST_MATH = YES;
				ONLY_ACTIVE_ARCH = YES;
				SDKROOT = appletvos;
				SWIFT_ACTIVE_COMPILATION_CONDITIONS = DEBUG;
				SWIFT_OPTIMIZATION_LEVEL = "-Onone";
				TVOS_DEPLOYMENT_TARGET = 15.4;
			};
			name = Debug;
		};
		D292D6462EDF458300E8845A /* Release */ = {
			isa = XCBuildConfiguration;
			buildSettings = {
				ALWAYS_SEARCH_USER_PATHS = NO;
				CLANG_ANALYZER_NONNULL = YES;
				CLANG_ANALYZER_NUMBER_OBJECT_CONVERSION = YES_AGGRESSIVE;
				CLANG_CXX_LANGUAGE_STANDARD = "gnu++17";
				CLANG_ENABLE_MODULES = YES;
				CLANG_ENABLE_OBJC_ARC = YES;
				CLANG_ENABLE_OBJC_WEAK = YES;
				CLANG_WARN_BLOCK_CAPTURE_AUTORELEASING = YES;
				CLANG_WARN_BOOL_CONVERSION = YES;
				CLANG_WARN_COMMA = YES;
				CLANG_WARN_CONSTANT_CONVERSION = YES;
				CLANG_WARN_DEPRECATED_OBJC_IMPLEMENTATIONS = YES;
				CLANG_WARN_DIRECT_OBJC_ISA_USAGE = YES_ERROR;
				CLANG_WARN_DOCUMENTATION_COMMENTS = YES;
				CLANG_WARN_EMPTY_BODY = YES;
				CLANG_WARN_ENUM_CONVERSION = YES;
				CLANG_WARN_INFINITE_RECURSION = YES;
				CLANG_WARN_INT_CONVERSION = YES;
				CLANG_WARN_NON_LITERAL_NULL_CONVERSION = YES;
				CLANG_WARN_OBJC_IMPLICIT_RETAIN_SELF = YES;
				CLANG_WARN_OBJC_LITERAL_CONVERSION = YES;
				CLANG_WARN_OBJC_ROOT_CLASS = YES_ERROR;
				CLANG_WARN_QUOTED_INCLUDE_IN_FRAMEWORK_HEADER = YES;
				CLANG_WARN_RANGE_LOOP_ANALYSIS = YES;
				CLANG_WARN_STRICT_PROTOTYPES = YES;
				CLANG_WARN_SUSPICIOUS_MOVE = YES;
				CLANG_WARN_UNGUARDED_AVAILABILITY = YES_AGGRESSIVE;
				CLANG_WARN_UNREACHABLE_CODE = YES;
				CLANG_WARN__DUPLICATE_METHOD_MATCH = YES;
				COPY_PHASE_STRIP = NO;
				DEBUG_INFORMATION_FORMAT = "dwarf-with-dsym";
				ENABLE_NS_ASSERTIONS = NO;
				ENABLE_STRICT_OBJC_MSGSEND = YES;
				GCC_C_LANGUAGE_STANDARD = gnu11;
				GCC_NO_COMMON_BLOCKS = YES;
				GCC_WARN_64_TO_32_BIT_CONVERSION = YES;
				GCC_WARN_ABOUT_RETURN_TYPE = YES_ERROR;
				GCC_WARN_UNDECLARED_SELECTOR = YES;
				GCC_WARN_UNINITIALIZED_AUTOS = YES_AGGRESSIVE;
				GCC_WARN_UNUSED_FUNCTION = YES;
				GCC_WARN_UNUSED_VARIABLE = YES;
				MTL_ENABLE_DEBUG_INFO = NO;
				MTL_FAST_MATH = YES;
				SDKROOT = appletvos;
				SWIFT_COMPILATION_MODE = wholemodule;
				SWIFT_OPTIMIZATION_LEVEL = "-O";
				TVOS_DEPLOYMENT_TARGET = 15.4;
				VALIDATE_PRODUCT = YES;
			};
			name = Release;
		};
		D292D6482EDF458300E8845A /* Debug */ = {
			isa = XCBuildConfiguration;
			buildSettings = {
				ASSETCATALOG_COMPILER_APPICON_NAME = "App Icon & Top Shelf Image";
				ASSETCATALOG_COMPILER_GLOBAL_ACCENT_COLOR_NAME = AccentColor;
				CODE_SIGN_STYLE = Automatic;
				CURRENT_PROJECT_VERSION = 1;
				DEVELOPMENT_ASSET_PATHS = "\"PrimeFlixPlus/Preview Content\"";
				ENABLE_PREVIEWS = YES;
				GENERATE_INFOPLIST_FILE = YES;
				INFOPLIST_FILE = PrimeFlixPlus/Info.plist;
				INFOPLIST_KEY_UILaunchScreen_Generation = YES;
				INFOPLIST_KEY_UIUserInterfaceStyle = Automatic;
				LD_RUNPATH_SEARCH_PATHS = (
					"$(inherited)",
					"@executable_path/Frameworks",
				);
				MARKETING_VERSION = 1.0;
				PRODUCT_BUNDLE_IDENTIFIER = App.PrimeFlixPlus;
				PRODUCT_NAME = "$(TARGET_NAME)";
				SWIFT_EMIT_LOC_STRINGS = YES;
				SWIFT_VERSION = 5.0;
				TARGETED_DEVICE_FAMILY = 3;
			};
			name = Debug;
		};
		D292D6492EDF458300E8845A /* Release */ = {
			isa = XCBuildConfiguration;
			buildSettings = {
				ASSETCATALOG_COMPILER_APPICON_NAME = "App Icon & Top Shelf Image";
				ASSETCATALOG_COMPILER_GLOBAL_ACCENT_COLOR_NAME = AccentColor;
				CODE_SIGN_STYLE = Automatic;
				CURRENT_PROJECT_VERSION = 1;
				DEVELOPMENT_ASSET_PATHS = "\"PrimeFlixPlus/Preview Content\"";
				ENABLE_PREVIEWS = YES;
				GENERATE_INFOPLIST_FILE = YES;
				INFOPLIST_FILE = PrimeFlixPlus/Info.plist;
				INFOPLIST_KEY_UILaunchScreen_Generation = YES;
				INFOPLIST_KEY_UIUserInterfaceStyle = Automatic;
				LD_RUNPATH_SEARCH_PATHS = (
					"$(inherited)",
					"@executable_path/Frameworks",
				);
				MARKETING_VERSION = 1.0;
				PRODUCT_BUNDLE_IDENTIFIER = App.PrimeFlixPlus;
				PRODUCT_NAME = "$(TARGET_NAME)";
				SWIFT_EMIT_LOC_STRINGS = YES;
				SWIFT_VERSION = 5.0;
				TARGETED_DEVICE_FAMILY = 3;
			};
			name = Release;
		};
		D292D64B2EDF458300E8845A /* Debug */ = {
			isa = XCBuildConfiguration;
			buildSettings = {
				ALWAYS_EMBED_SWIFT_STANDARD_LIBRARIES = YES;
				BUNDLE_LOADER = "$(TEST_HOST)";
				CODE_SIGN_STYLE = Automatic;
				CURRENT_PROJECT_VERSION = 1;
				GENERATE_INFOPLIST_FILE = YES;
				MARKETING_VERSION = 1.0;
				PRODUCT_BUNDLE_IDENTIFIER = App.PrimeFlixPlusTests;
				PRODUCT_NAME = "$(TARGET_NAME)";
				SWIFT_EMIT_LOC_STRINGS = NO;
				SWIFT_VERSION = 5.0;
				TARGETED_DEVICE_FAMILY = 3;
				TEST_HOST = "$(BUILT_PRODUCTS_DIR)/PrimeFlixPlus.app/PrimeFlixPlus";
				TVOS_DEPLOYMENT_TARGET = 15.4;
			};
			name = Debug;
		};
		D292D64C2EDF458300E8845A /* Release */ = {
			isa = XCBuildConfiguration;
			buildSettings = {
				ALWAYS_EMBED_SWIFT_STANDARD_LIBRARIES = YES;
				BUNDLE_LOADER = "$(TEST_HOST)";
				CODE_SIGN_STYLE = Automatic;
				CURRENT_PROJECT_VERSION = 1;
				GENERATE_INFOPLIST_FILE = YES;
				MARKETING_VERSION = 1.0;
				PRODUCT_BUNDLE_IDENTIFIER = App.PrimeFlixPlusTests;
				PRODUCT_NAME = "$(TARGET_NAME)";
				SWIFT_EMIT_LOC_STRINGS = NO;
				SWIFT_VERSION = 5.0;
				TARGETED_DEVICE_FAMILY = 3;
				TEST_HOST = "$(BUILT_PRODUCTS_DIR)/PrimeFlixPlus.app/PrimeFlixPlus";
				TVOS_DEPLOYMENT_TARGET = 15.4;
			};
			name = Release;
		};
		D292D64E2EDF458300E8845A /* Debug */ = {
			isa = XCBuildConfiguration;
			buildSettings = {
				ALWAYS_EMBED_SWIFT_STANDARD_LIBRARIES = YES;
				CODE_SIGN_STYLE = Automatic;
				CURRENT_PROJECT_VERSION = 1;
				GENERATE_INFOPLIST_FILE = YES;
				MARKETING_VERSION = 1.0;
				PRODUCT_BUNDLE_IDENTIFIER = App.PrimeFlixPlusUITests;
				PRODUCT_NAME = "$(TARGET_NAME)";
				SWIFT_EMIT_LOC_STRINGS = NO;
				SWIFT_VERSION = 5.0;
				TARGETED_DEVICE_FAMILY = 3;
				TEST_TARGET_NAME = PrimeFlixPlus;
			};
			name = Debug;
		};
		D292D64F2EDF458300E8845A /* Release */ = {
			isa = XCBuildConfiguration;
			buildSettings = {
				ALWAYS_EMBED_SWIFT_STANDARD_LIBRARIES = YES;
				CODE_SIGN_STYLE = Automatic;
				CURRENT_PROJECT_VERSION = 1;
				GENERATE_INFOPLIST_FILE = YES;
				MARKETING_VERSION = 1.0;
				PRODUCT_BUNDLE_IDENTIFIER = App.PrimeFlixPlusUITests;
				PRODUCT_NAME = "$(TARGET_NAME)";
				SWIFT_EMIT_LOC_STRINGS = NO;
				SWIFT_VERSION = 5.0;
				TARGETED_DEVICE_FAMILY = 3;
				TEST_TARGET_NAME = PrimeFlixPlus;
			};
			name = Release;
		};
/* End XCBuildConfiguration section */

/* Begin XCConfigurationList section */
		D292D61E2EDF458100E8845A /* Build configuration list for PBXProject "PrimeFlixPlus" */ = {
			isa = XCConfigurationList;
			buildConfigurations = (
				D292D6452EDF458300E8845A /* Debug */,
				D292D6462EDF458300E8845A /* Release */,
			);
			defaultConfigurationIsVisible = 0;
			defaultConfigurationName = Release;
		};
		D292D6472EDF458300E8845A /* Build configuration list for PBXNativeTarget "PrimeFlixPlus" */ = {
			isa = XCConfigurationList;
			buildConfigurations = (
				D292D6482EDF458300E8845A /* Debug */,
				D292D6492EDF458300E8845A /* Release */,
			);
			defaultConfigurationIsVisible = 0;
			defaultConfigurationName = Release;
		};
		D292D64A2EDF458300E8845A /* Build configuration list for PBXNativeTarget "PrimeFlixPlusTests" */ = {
			isa = XCConfigurationList;
			buildConfigurations = (
				D292D64B2EDF458300E8845A /* Debug */,
				D292D64C2EDF458300E8845A /* Release */,
			);
			defaultConfigurationIsVisible = 0;
			defaultConfigurationName = Release;
		};
		D292D64D2EDF458300E8845A /* Build configuration list for PBXNativeTarget "PrimeFlixPlusUITests" */ = {
			isa = XCConfigurationList;
			buildConfigurations = (
				D292D64E2EDF458300E8845A /* Debug */,
				D292D64F2EDF458300E8845A /* Release */,
			);
			defaultConfigurationIsVisible = 0;
			defaultConfigurationName = Release;
		};
/* End XCConfigurationList section */
	};
	rootObject = D292D61B2EDF458100E8845A /* Project object */;
}
